// !$*UTF8*$!
{
	archiveVersion = 1;
	classes = {
	};
	objectVersion = 42;
	objects = {

/* Begin PBXBuildFile section */
		027BA92F184C64B300B0C97A /* ofxCvColorImage.cpp in Sources */ = {isa = PBXBuildFile; fileRef = 027BA888184C64B300B0C97A /* ofxCvColorImage.cpp */; };
		027BA930184C64B300B0C97A /* ofxCvContourFinder.cpp in Sources */ = {isa = PBXBuildFile; fileRef = 027BA88B184C64B300B0C97A /* ofxCvContourFinder.cpp */; };
		027BA931184C64B300B0C97A /* ofxCvFloatImage.cpp in Sources */ = {isa = PBXBuildFile; fileRef = 027BA88D184C64B300B0C97A /* ofxCvFloatImage.cpp */; };
		027BA932184C64B300B0C97A /* ofxCvGrayscaleImage.cpp in Sources */ = {isa = PBXBuildFile; fileRef = 027BA88F184C64B300B0C97A /* ofxCvGrayscaleImage.cpp */; };
		027BA933184C64B300B0C97A /* ofxCvHaarFinder.cpp in Sources */ = {isa = PBXBuildFile; fileRef = 027BA891184C64B300B0C97A /* ofxCvHaarFinder.cpp */; };
		027BA934184C64B300B0C97A /* ofxCvImage.cpp in Sources */ = {isa = PBXBuildFile; fileRef = 027BA893184C64B300B0C97A /* ofxCvImage.cpp */; };
		027BA935184C64B300B0C97A /* ofxCvShortImage.cpp in Sources */ = {isa = PBXBuildFile; fileRef = 027BA896184C64B300B0C97A /* ofxCvShortImage.cpp */; };
		027BA936184C64B300B0C97A /* ofxOscBundle.cpp in Sources */ = {isa = PBXBuildFile; fileRef = 027BA901184C64B300B0C97A /* ofxOscBundle.cpp */; };
		027BA937184C64B300B0C97A /* ofxOscMessage.cpp in Sources */ = {isa = PBXBuildFile; fileRef = 027BA903184C64B300B0C97A /* ofxOscMessage.cpp */; };
		027BA938184C64B300B0C97A /* ofxOscReceiver.cpp in Sources */ = {isa = PBXBuildFile; fileRef = 027BA905184C64B300B0C97A /* ofxOscReceiver.cpp */; };
		027BA939184C64B300B0C97A /* ofxOscSender.cpp in Sources */ = {isa = PBXBuildFile; fileRef = 027BA907184C64B300B0C97A /* ofxOscSender.cpp */; };
		027BA93A184C64B300B0C97A /* IpEndpointName.cpp in Sources */ = {isa = PBXBuildFile; fileRef = 027BA90A184C64B300B0C97A /* IpEndpointName.cpp */; };
		027BA93B184C64B300B0C97A /* NetworkingUtils.cpp in Sources */ = {isa = PBXBuildFile; fileRef = 027BA90E184C64B300B0C97A /* NetworkingUtils.cpp */; };
		027BA93C184C64B300B0C97A /* UdpSocket.cpp in Sources */ = {isa = PBXBuildFile; fileRef = 027BA90F184C64B300B0C97A /* UdpSocket.cpp */; };
		027BA93D184C64B300B0C97A /* NetworkingUtilsWin.cpp in Sources */ = {isa = PBXBuildFile; fileRef = 027BA913184C64B300B0C97A /* NetworkingUtilsWin.cpp */; };
		027BA93E184C64B300B0C97A /* UdpSocketWin.cpp in Sources */ = {isa = PBXBuildFile; fileRef = 027BA914184C64B300B0C97A /* UdpSocketWin.cpp */; };
		027BA93F184C64B300B0C97A /* OscOutboundPacketStream.cpp in Sources */ = {isa = PBXBuildFile; fileRef = 027BA91A184C64B300B0C97A /* OscOutboundPacketStream.cpp */; };
		027BA940184C64B300B0C97A /* OscPrintReceivedElements.cpp in Sources */ = {isa = PBXBuildFile; fileRef = 027BA91D184C64B300B0C97A /* OscPrintReceivedElements.cpp */; };
		027BA941184C64B300B0C97A /* OscReceivedElements.cpp in Sources */ = {isa = PBXBuildFile; fileRef = 027BA91F184C64B300B0C97A /* OscReceivedElements.cpp */; };
		027BA942184C64B300B0C97A /* OscTypes.cpp in Sources */ = {isa = PBXBuildFile; fileRef = 027BA921184C64B300B0C97A /* OscTypes.cpp */; };
		027BA989184C651A00B0C97A /* macGlutfix.m in Sources */ = {isa = PBXBuildFile; fileRef = 027BA985184C651A00B0C97A /* macGlutfix.m */; };
		027BA98A184C651A00B0C97A /* main.cpp in Sources */ = {isa = PBXBuildFile; fileRef = 027BA986184C651A00B0C97A /* main.cpp */; };
		027BA98B184C651A00B0C97A /* testApp.cpp in Sources */ = {isa = PBXBuildFile; fileRef = 027BA987184C651A00B0C97A /* testApp.cpp */; };
		BBAB23CB13894F3D00AA2426 /* GLUT.framework in CopyFiles */ = {isa = PBXBuildFile; fileRef = BBAB23BE13894E4700AA2426 /* GLUT.framework */; };
		E4328149138ABC9F0047C5CB /* openFrameworksDebug.a in Frameworks */ = {isa = PBXBuildFile; fileRef = E4328148138ABC890047C5CB /* openFrameworksDebug.a */; };
		E45BE97B0E8CC7DD009D7055 /* AGL.framework in Frameworks */ = {isa = PBXBuildFile; fileRef = E45BE9710E8CC7DD009D7055 /* AGL.framework */; };
		E45BE97C0E8CC7DD009D7055 /* ApplicationServices.framework in Frameworks */ = {isa = PBXBuildFile; fileRef = E45BE9720E8CC7DD009D7055 /* ApplicationServices.framework */; };
		E45BE97D0E8CC7DD009D7055 /* AudioToolbox.framework in Frameworks */ = {isa = PBXBuildFile; fileRef = E45BE9730E8CC7DD009D7055 /* AudioToolbox.framework */; };
		E45BE97E0E8CC7DD009D7055 /* Carbon.framework in Frameworks */ = {isa = PBXBuildFile; fileRef = E45BE9740E8CC7DD009D7055 /* Carbon.framework */; };
		E45BE97F0E8CC7DD009D7055 /* CoreAudio.framework in Frameworks */ = {isa = PBXBuildFile; fileRef = E45BE9750E8CC7DD009D7055 /* CoreAudio.framework */; };
		E45BE9800E8CC7DD009D7055 /* CoreFoundation.framework in Frameworks */ = {isa = PBXBuildFile; fileRef = E45BE9760E8CC7DD009D7055 /* CoreFoundation.framework */; };
		E45BE9810E8CC7DD009D7055 /* CoreServices.framework in Frameworks */ = {isa = PBXBuildFile; fileRef = E45BE9770E8CC7DD009D7055 /* CoreServices.framework */; };
		E45BE9830E8CC7DD009D7055 /* OpenGL.framework in Frameworks */ = {isa = PBXBuildFile; fileRef = E45BE9790E8CC7DD009D7055 /* OpenGL.framework */; };
		E45BE9840E8CC7DD009D7055 /* QuickTime.framework in Frameworks */ = {isa = PBXBuildFile; fileRef = E45BE97A0E8CC7DD009D7055 /* QuickTime.framework */; };
		E4C2424710CC5A17004149E2 /* AppKit.framework in Frameworks */ = {isa = PBXBuildFile; fileRef = E4C2424410CC5A17004149E2 /* AppKit.framework */; };
		E4C2424810CC5A17004149E2 /* Cocoa.framework in Frameworks */ = {isa = PBXBuildFile; fileRef = E4C2424510CC5A17004149E2 /* Cocoa.framework */; };
		E4C2424910CC5A17004149E2 /* IOKit.framework in Frameworks */ = {isa = PBXBuildFile; fileRef = E4C2424610CC5A17004149E2 /* IOKit.framework */; };
		E4EB6799138ADC1D00A09F29 /* GLUT.framework in Frameworks */ = {isa = PBXBuildFile; fileRef = BBAB23BE13894E4700AA2426 /* GLUT.framework */; };
		E7E077E515D3B63C0020DFD4 /* CoreVideo.framework in Frameworks */ = {isa = PBXBuildFile; fileRef = E7E077E415D3B63C0020DFD4 /* CoreVideo.framework */; };
		E7E077E815D3B6510020DFD4 /* QTKit.framework in Frameworks */ = {isa = PBXBuildFile; fileRef = E7E077E715D3B6510020DFD4 /* QTKit.framework */; };
		E7F985F815E0DEA3003869B5 /* Accelerate.framework in Frameworks */ = {isa = PBXBuildFile; fileRef = E7F985F515E0DE99003869B5 /* Accelerate.framework */; };
/* End PBXBuildFile section */

/* Begin PBXContainerItemProxy section */
		E4328147138ABC890047C5CB /* PBXContainerItemProxy */ = {
			isa = PBXContainerItemProxy;
			containerPortal = E4328143138ABC890047C5CB /* openFrameworksLib.xcodeproj */;
			proxyType = 2;
			remoteGlobalIDString = E4B27C1510CBEB8E00536013;
			remoteInfo = openFrameworks;
		};
		E4EEB9AB138B136A00A80321 /* PBXContainerItemProxy */ = {
			isa = PBXContainerItemProxy;
			containerPortal = E4328143138ABC890047C5CB /* openFrameworksLib.xcodeproj */;
			proxyType = 1;
			remoteGlobalIDString = E4B27C1410CBEB8E00536013;
			remoteInfo = openFrameworks;
		};
/* End PBXContainerItemProxy section */

/* Begin PBXCopyFilesBuildPhase section */
		E4C2427710CC5ABF004149E2 /* CopyFiles */ = {
			isa = PBXCopyFilesBuildPhase;
			buildActionMask = 2147483647;
			dstPath = "";
			dstSubfolderSpec = 10;
			files = (
				BBAB23CB13894F3D00AA2426 /* GLUT.framework in CopyFiles */,
			);
			runOnlyForDeploymentPostprocessing = 0;
		};
/* End PBXCopyFilesBuildPhase section */

/* Begin PBXFileReference section */
		027BA887184C64B300B0C97A /* ofxCvBlob.h */ = {isa = PBXFileReference; explicitFileType = sourcecode.c.h; fileEncoding = 30; name = ofxCvBlob.h; path = ../../../addons/ofxOpenCv/src/ofxCvBlob.h; sourceTree = SOURCE_ROOT; };
		027BA888184C64B300B0C97A /* ofxCvColorImage.cpp */ = {isa = PBXFileReference; explicitFileType = sourcecode.cpp.cpp; fileEncoding = 30; name = ofxCvColorImage.cpp; path = ../../../addons/ofxOpenCv/src/ofxCvColorImage.cpp; sourceTree = SOURCE_ROOT; };
		027BA889184C64B300B0C97A /* ofxCvColorImage.h */ = {isa = PBXFileReference; explicitFileType = sourcecode.c.h; fileEncoding = 30; name = ofxCvColorImage.h; path = ../../../addons/ofxOpenCv/src/ofxCvColorImage.h; sourceTree = SOURCE_ROOT; };
		027BA88A184C64B300B0C97A /* ofxCvConstants.h */ = {isa = PBXFileReference; explicitFileType = sourcecode.c.h; fileEncoding = 30; name = ofxCvConstants.h; path = ../../../addons/ofxOpenCv/src/ofxCvConstants.h; sourceTree = SOURCE_ROOT; };
		027BA88B184C64B300B0C97A /* ofxCvContourFinder.cpp */ = {isa = PBXFileReference; explicitFileType = sourcecode.cpp.cpp; fileEncoding = 30; name = ofxCvContourFinder.cpp; path = ../../../addons/ofxOpenCv/src/ofxCvContourFinder.cpp; sourceTree = SOURCE_ROOT; };
		027BA88C184C64B300B0C97A /* ofxCvContourFinder.h */ = {isa = PBXFileReference; explicitFileType = sourcecode.c.h; fileEncoding = 30; name = ofxCvContourFinder.h; path = ../../../addons/ofxOpenCv/src/ofxCvContourFinder.h; sourceTree = SOURCE_ROOT; };
		027BA88D184C64B300B0C97A /* ofxCvFloatImage.cpp */ = {isa = PBXFileReference; explicitFileType = sourcecode.cpp.cpp; fileEncoding = 30; name = ofxCvFloatImage.cpp; path = ../../../addons/ofxOpenCv/src/ofxCvFloatImage.cpp; sourceTree = SOURCE_ROOT; };
		027BA88E184C64B300B0C97A /* ofxCvFloatImage.h */ = {isa = PBXFileReference; explicitFileType = sourcecode.c.h; fileEncoding = 30; name = ofxCvFloatImage.h; path = ../../../addons/ofxOpenCv/src/ofxCvFloatImage.h; sourceTree = SOURCE_ROOT; };
		027BA88F184C64B300B0C97A /* ofxCvGrayscaleImage.cpp */ = {isa = PBXFileReference; explicitFileType = sourcecode.cpp.cpp; fileEncoding = 30; name = ofxCvGrayscaleImage.cpp; path = ../../../addons/ofxOpenCv/src/ofxCvGrayscaleImage.cpp; sourceTree = SOURCE_ROOT; };
		027BA890184C64B300B0C97A /* ofxCvGrayscaleImage.h */ = {isa = PBXFileReference; explicitFileType = sourcecode.c.h; fileEncoding = 30; name = ofxCvGrayscaleImage.h; path = ../../../addons/ofxOpenCv/src/ofxCvGrayscaleImage.h; sourceTree = SOURCE_ROOT; };
		027BA891184C64B300B0C97A /* ofxCvHaarFinder.cpp */ = {isa = PBXFileReference; explicitFileType = sourcecode.cpp.cpp; fileEncoding = 30; name = ofxCvHaarFinder.cpp; path = ../../../addons/ofxOpenCv/src/ofxCvHaarFinder.cpp; sourceTree = SOURCE_ROOT; };
		027BA892184C64B300B0C97A /* ofxCvHaarFinder.h */ = {isa = PBXFileReference; explicitFileType = sourcecode.c.h; fileEncoding = 30; name = ofxCvHaarFinder.h; path = ../../../addons/ofxOpenCv/src/ofxCvHaarFinder.h; sourceTree = SOURCE_ROOT; };
		027BA893184C64B300B0C97A /* ofxCvImage.cpp */ = {isa = PBXFileReference; explicitFileType = sourcecode.cpp.cpp; fileEncoding = 30; name = ofxCvImage.cpp; path = ../../../addons/ofxOpenCv/src/ofxCvImage.cpp; sourceTree = SOURCE_ROOT; };
		027BA894184C64B300B0C97A /* ofxCvImage.h */ = {isa = PBXFileReference; explicitFileType = sourcecode.c.h; fileEncoding = 30; name = ofxCvImage.h; path = ../../../addons/ofxOpenCv/src/ofxCvImage.h; sourceTree = SOURCE_ROOT; };
		027BA895184C64B300B0C97A /* ofxCvMain.h */ = {isa = PBXFileReference; explicitFileType = sourcecode.c.h; fileEncoding = 30; name = ofxCvMain.h; path = ../../../addons/ofxOpenCv/src/ofxCvMain.h; sourceTree = SOURCE_ROOT; };
		027BA896184C64B300B0C97A /* ofxCvShortImage.cpp */ = {isa = PBXFileReference; explicitFileType = sourcecode.cpp.cpp; fileEncoding = 30; name = ofxCvShortImage.cpp; path = ../../../addons/ofxOpenCv/src/ofxCvShortImage.cpp; sourceTree = SOURCE_ROOT; };
		027BA897184C64B300B0C97A /* ofxCvShortImage.h */ = {isa = PBXFileReference; explicitFileType = sourcecode.c.h; fileEncoding = 30; name = ofxCvShortImage.h; path = ../../../addons/ofxOpenCv/src/ofxCvShortImage.h; sourceTree = SOURCE_ROOT; };
		027BA898184C64B300B0C97A /* ofxOpenCv.h */ = {isa = PBXFileReference; explicitFileType = sourcecode.c.h; fileEncoding = 30; name = ofxOpenCv.h; path = ../../../addons/ofxOpenCv/src/ofxOpenCv.h; sourceTree = SOURCE_ROOT; };
		027BA89A184C64B300B0C97A /* cv.h */ = {isa = PBXFileReference; explicitFileType = sourcecode.c.h; fileEncoding = 30; name = cv.h; path = ../../../addons/ofxOpenCv/libs/opencv/include/opencv/cv.h; sourceTree = SOURCE_ROOT; };
		027BA89B184C64B300B0C97A /* cv.hpp */ = {isa = PBXFileReference; explicitFileType = sourcecode.c.h; fileEncoding = 30; name = cv.hpp; path = ../../../addons/ofxOpenCv/libs/opencv/include/opencv/cv.hpp; sourceTree = SOURCE_ROOT; };
		027BA89C184C64B300B0C97A /* cvaux.h */ = {isa = PBXFileReference; explicitFileType = sourcecode.c.h; fileEncoding = 30; name = cvaux.h; path = ../../../addons/ofxOpenCv/libs/opencv/include/opencv/cvaux.h; sourceTree = SOURCE_ROOT; };
		027BA89D184C64B300B0C97A /* cvaux.hpp */ = {isa = PBXFileReference; explicitFileType = sourcecode.c.h; fileEncoding = 30; name = cvaux.hpp; path = ../../../addons/ofxOpenCv/libs/opencv/include/opencv/cvaux.hpp; sourceTree = SOURCE_ROOT; };
		027BA89E184C64B300B0C97A /* cvwimage.h */ = {isa = PBXFileReference; explicitFileType = sourcecode.c.h; fileEncoding = 30; name = cvwimage.h; path = ../../../addons/ofxOpenCv/libs/opencv/include/opencv/cvwimage.h; sourceTree = SOURCE_ROOT; };
		027BA89F184C64B300B0C97A /* cxcore.h */ = {isa = PBXFileReference; explicitFileType = sourcecode.c.h; fileEncoding = 30; name = cxcore.h; path = ../../../addons/ofxOpenCv/libs/opencv/include/opencv/cxcore.h; sourceTree = SOURCE_ROOT; };
		027BA8A0184C64B300B0C97A /* cxcore.hpp */ = {isa = PBXFileReference; explicitFileType = sourcecode.c.h; fileEncoding = 30; name = cxcore.hpp; path = ../../../addons/ofxOpenCv/libs/opencv/include/opencv/cxcore.hpp; sourceTree = SOURCE_ROOT; };
		027BA8A1184C64B300B0C97A /* cxeigen.hpp */ = {isa = PBXFileReference; explicitFileType = sourcecode.c.h; fileEncoding = 30; name = cxeigen.hpp; path = ../../../addons/ofxOpenCv/libs/opencv/include/opencv/cxeigen.hpp; sourceTree = SOURCE_ROOT; };
		027BA8A2184C64B300B0C97A /* cxmisc.h */ = {isa = PBXFileReference; explicitFileType = sourcecode.c.h; fileEncoding = 30; name = cxmisc.h; path = ../../../addons/ofxOpenCv/libs/opencv/include/opencv/cxmisc.h; sourceTree = SOURCE_ROOT; };
		027BA8A3184C64B300B0C97A /* highgui.h */ = {isa = PBXFileReference; explicitFileType = sourcecode.c.h; fileEncoding = 30; name = highgui.h; path = ../../../addons/ofxOpenCv/libs/opencv/include/opencv/highgui.h; sourceTree = SOURCE_ROOT; };
		027BA8A4184C64B300B0C97A /* ml.h */ = {isa = PBXFileReference; explicitFileType = sourcecode.c.h; fileEncoding = 30; name = ml.h; path = ../../../addons/ofxOpenCv/libs/opencv/include/opencv/ml.h; sourceTree = SOURCE_ROOT; };
		027BA8A6184C64B300B0C97A /* calib3d.hpp */ = {isa = PBXFileReference; explicitFileType = sourcecode.c.h; fileEncoding = 30; name = calib3d.hpp; path = ../../../addons/ofxOpenCv/libs/opencv/include/opencv2/calib3d/calib3d.hpp; sourceTree = SOURCE_ROOT; };
		027BA8A8184C64B300B0C97A /* contrib.hpp */ = {isa = PBXFileReference; explicitFileType = sourcecode.c.h; fileEncoding = 30; name = contrib.hpp; path = ../../../addons/ofxOpenCv/libs/opencv/include/opencv2/contrib/contrib.hpp; sourceTree = SOURCE_ROOT; };
		027BA8A9184C64B300B0C97A /* retina.hpp */ = {isa = PBXFileReference; explicitFileType = sourcecode.c.h; fileEncoding = 30; name = retina.hpp; path = ../../../addons/ofxOpenCv/libs/opencv/include/opencv2/contrib/retina.hpp; sourceTree = SOURCE_ROOT; };
		027BA8AB184C64B300B0C97A /* core.hpp */ = {isa = PBXFileReference; explicitFileType = sourcecode.c.h; fileEncoding = 30; name = core.hpp; path = ../../../addons/ofxOpenCv/libs/opencv/include/opencv2/core/core.hpp; sourceTree = SOURCE_ROOT; };
		027BA8AC184C64B300B0C97A /* core_c.h */ = {isa = PBXFileReference; explicitFileType = sourcecode.c.h; fileEncoding = 30; name = core_c.h; path = ../../../addons/ofxOpenCv/libs/opencv/include/opencv2/core/core_c.h; sourceTree = SOURCE_ROOT; };
		027BA8AD184C64B300B0C97A /* eigen.hpp */ = {isa = PBXFileReference; explicitFileType = sourcecode.c.h; fileEncoding = 30; name = eigen.hpp; path = ../../../addons/ofxOpenCv/libs/opencv/include/opencv2/core/eigen.hpp; sourceTree = SOURCE_ROOT; };
		027BA8AE184C64B300B0C97A /* internal.hpp */ = {isa = PBXFileReference; explicitFileType = sourcecode.c.h; fileEncoding = 30; name = internal.hpp; path = ../../../addons/ofxOpenCv/libs/opencv/include/opencv2/core/internal.hpp; sourceTree = SOURCE_ROOT; };
		027BA8AF184C64B300B0C97A /* mat.hpp */ = {isa = PBXFileReference; explicitFileType = sourcecode.c.h; fileEncoding = 30; name = mat.hpp; path = ../../../addons/ofxOpenCv/libs/opencv/include/opencv2/core/mat.hpp; sourceTree = SOURCE_ROOT; };
		027BA8B0184C64B300B0C97A /* operations.hpp */ = {isa = PBXFileReference; explicitFileType = sourcecode.c.h; fileEncoding = 30; name = operations.hpp; path = ../../../addons/ofxOpenCv/libs/opencv/include/opencv2/core/operations.hpp; sourceTree = SOURCE_ROOT; };
		027BA8B1184C64B300B0C97A /* types_c.h */ = {isa = PBXFileReference; explicitFileType = sourcecode.c.h; fileEncoding = 30; name = types_c.h; path = ../../../addons/ofxOpenCv/libs/opencv/include/opencv2/core/types_c.h; sourceTree = SOURCE_ROOT; };
		027BA8B2184C64B300B0C97A /* version.hpp */ = {isa = PBXFileReference; explicitFileType = sourcecode.c.h; fileEncoding = 30; name = version.hpp; path = ../../../addons/ofxOpenCv/libs/opencv/include/opencv2/core/version.hpp; sourceTree = SOURCE_ROOT; };
		027BA8B3184C64B300B0C97A /* wimage.hpp */ = {isa = PBXFileReference; explicitFileType = sourcecode.c.h; fileEncoding = 30; name = wimage.hpp; path = ../../../addons/ofxOpenCv/libs/opencv/include/opencv2/core/wimage.hpp; sourceTree = SOURCE_ROOT; };
		027BA8B5184C64B300B0C97A /* features2d.hpp */ = {isa = PBXFileReference; explicitFileType = sourcecode.c.h; fileEncoding = 30; name = features2d.hpp; path = ../../../addons/ofxOpenCv/libs/opencv/include/opencv2/features2d/features2d.hpp; sourceTree = SOURCE_ROOT; };
		027BA8B7184C64B300B0C97A /* all_indices.h */ = {isa = PBXFileReference; explicitFileType = sourcecode.c.h; fileEncoding = 30; name = all_indices.h; path = ../../../addons/ofxOpenCv/libs/opencv/include/opencv2/flann/all_indices.h; sourceTree = SOURCE_ROOT; };
		027BA8B8184C64B300B0C97A /* allocator.h */ = {isa = PBXFileReference; explicitFileType = sourcecode.c.h; fileEncoding = 30; name = allocator.h; path = ../../../addons/ofxOpenCv/libs/opencv/include/opencv2/flann/allocator.h; sourceTree = SOURCE_ROOT; };
		027BA8B9184C64B300B0C97A /* any.h */ = {isa = PBXFileReference; explicitFileType = sourcecode.c.h; fileEncoding = 30; name = any.h; path = ../../../addons/ofxOpenCv/libs/opencv/include/opencv2/flann/any.h; sourceTree = SOURCE_ROOT; };
		027BA8BA184C64B300B0C97A /* autotuned_index.h */ = {isa = PBXFileReference; explicitFileType = sourcecode.c.h; fileEncoding = 30; name = autotuned_index.h; path = ../../../addons/ofxOpenCv/libs/opencv/include/opencv2/flann/autotuned_index.h; sourceTree = SOURCE_ROOT; };
		027BA8BB184C64B300B0C97A /* composite_index.h */ = {isa = PBXFileReference; explicitFileType = sourcecode.c.h; fileEncoding = 30; name = composite_index.h; path = ../../../addons/ofxOpenCv/libs/opencv/include/opencv2/flann/composite_index.h; sourceTree = SOURCE_ROOT; };
		027BA8BC184C64B300B0C97A /* config.h */ = {isa = PBXFileReference; explicitFileType = sourcecode.c.h; fileEncoding = 30; name = config.h; path = ../../../addons/ofxOpenCv/libs/opencv/include/opencv2/flann/config.h; sourceTree = SOURCE_ROOT; };
		027BA8BD184C64B300B0C97A /* defines.h */ = {isa = PBXFileReference; explicitFileType = sourcecode.c.h; fileEncoding = 30; name = defines.h; path = ../../../addons/ofxOpenCv/libs/opencv/include/opencv2/flann/defines.h; sourceTree = SOURCE_ROOT; };
		027BA8BE184C64B300B0C97A /* dist.h */ = {isa = PBXFileReference; explicitFileType = sourcecode.c.h; fileEncoding = 30; name = dist.h; path = ../../../addons/ofxOpenCv/libs/opencv/include/opencv2/flann/dist.h; sourceTree = SOURCE_ROOT; };
		027BA8BF184C64B300B0C97A /* dummy.h */ = {isa = PBXFileReference; explicitFileType = sourcecode.c.h; fileEncoding = 30; name = dummy.h; path = ../../../addons/ofxOpenCv/libs/opencv/include/opencv2/flann/dummy.h; sourceTree = SOURCE_ROOT; };
		027BA8C0184C64B300B0C97A /* dynamic_bitset.h */ = {isa = PBXFileReference; explicitFileType = sourcecode.c.h; fileEncoding = 30; name = dynamic_bitset.h; path = ../../../addons/ofxOpenCv/libs/opencv/include/opencv2/flann/dynamic_bitset.h; sourceTree = SOURCE_ROOT; };
		027BA8C1184C64B300B0C97A /* flann.hpp */ = {isa = PBXFileReference; explicitFileType = sourcecode.c.h; fileEncoding = 30; name = flann.hpp; path = ../../../addons/ofxOpenCv/libs/opencv/include/opencv2/flann/flann.hpp; sourceTree = SOURCE_ROOT; };
		027BA8C2184C64B300B0C97A /* flann_base.hpp */ = {isa = PBXFileReference; explicitFileType = sourcecode.c.h; fileEncoding = 30; name = flann_base.hpp; path = ../../../addons/ofxOpenCv/libs/opencv/include/opencv2/flann/flann_base.hpp; sourceTree = SOURCE_ROOT; };
		027BA8C3184C64B300B0C97A /* general.h */ = {isa = PBXFileReference; explicitFileType = sourcecode.c.h; fileEncoding = 30; name = general.h; path = ../../../addons/ofxOpenCv/libs/opencv/include/opencv2/flann/general.h; sourceTree = SOURCE_ROOT; };
		027BA8C4184C64B300B0C97A /* ground_truth.h */ = {isa = PBXFileReference; explicitFileType = sourcecode.c.h; fileEncoding = 30; name = ground_truth.h; path = ../../../addons/ofxOpenCv/libs/opencv/include/opencv2/flann/ground_truth.h; sourceTree = SOURCE_ROOT; };
		027BA8C5184C64B300B0C97A /* hdf5.h */ = {isa = PBXFileReference; explicitFileType = sourcecode.c.h; fileEncoding = 30; name = hdf5.h; path = ../../../addons/ofxOpenCv/libs/opencv/include/opencv2/flann/hdf5.h; sourceTree = SOURCE_ROOT; };
		027BA8C6184C64B300B0C97A /* heap.h */ = {isa = PBXFileReference; explicitFileType = sourcecode.c.h; fileEncoding = 30; name = heap.h; path = ../../../addons/ofxOpenCv/libs/opencv/include/opencv2/flann/heap.h; sourceTree = SOURCE_ROOT; };
		027BA8C7184C64B300B0C97A /* hierarchical_clustering_index.h */ = {isa = PBXFileReference; explicitFileType = sourcecode.c.h; fileEncoding = 30; name = hierarchical_clustering_index.h; path = ../../../addons/ofxOpenCv/libs/opencv/include/opencv2/flann/hierarchical_clustering_index.h; sourceTree = SOURCE_ROOT; };
		027BA8C8184C64B300B0C97A /* index_testing.h */ = {isa = PBXFileReference; explicitFileType = sourcecode.c.h; fileEncoding = 30; name = index_testing.h; path = ../../../addons/ofxOpenCv/libs/opencv/include/opencv2/flann/index_testing.h; sourceTree = SOURCE_ROOT; };
		027BA8C9184C64B300B0C97A /* kdtree_index.h */ = {isa = PBXFileReference; explicitFileType = sourcecode.c.h; fileEncoding = 30; name = kdtree_index.h; path = ../../../addons/ofxOpenCv/libs/opencv/include/opencv2/flann/kdtree_index.h; sourceTree = SOURCE_ROOT; };
		027BA8CA184C64B300B0C97A /* kdtree_single_index.h */ = {isa = PBXFileReference; explicitFileType = sourcecode.c.h; fileEncoding = 30; name = kdtree_single_index.h; path = ../../../addons/ofxOpenCv/libs/opencv/include/opencv2/flann/kdtree_single_index.h; sourceTree = SOURCE_ROOT; };
		027BA8CB184C64B300B0C97A /* kmeans_index.h */ = {isa = PBXFileReference; explicitFileType = sourcecode.c.h; fileEncoding = 30; name = kmeans_index.h; path = ../../../addons/ofxOpenCv/libs/opencv/include/opencv2/flann/kmeans_index.h; sourceTree = SOURCE_ROOT; };
		027BA8CC184C64B300B0C97A /* linear_index.h */ = {isa = PBXFileReference; explicitFileType = sourcecode.c.h; fileEncoding = 30; name = linear_index.h; path = ../../../addons/ofxOpenCv/libs/opencv/include/opencv2/flann/linear_index.h; sourceTree = SOURCE_ROOT; };
		027BA8CD184C64B300B0C97A /* logger.h */ = {isa = PBXFileReference; explicitFileType = sourcecode.c.h; fileEncoding = 30; name = logger.h; path = ../../../addons/ofxOpenCv/libs/opencv/include/opencv2/flann/logger.h; sourceTree = SOURCE_ROOT; };
		027BA8CE184C64B300B0C97A /* lsh_index.h */ = {isa = PBXFileReference; explicitFileType = sourcecode.c.h; fileEncoding = 30; name = lsh_index.h; path = ../../../addons/ofxOpenCv/libs/opencv/include/opencv2/flann/lsh_index.h; sourceTree = SOURCE_ROOT; };
		027BA8CF184C64B300B0C97A /* lsh_table.h */ = {isa = PBXFileReference; explicitFileType = sourcecode.c.h; fileEncoding = 30; name = lsh_table.h; path = ../../../addons/ofxOpenCv/libs/opencv/include/opencv2/flann/lsh_table.h; sourceTree = SOURCE_ROOT; };
		027BA8D0184C64B300B0C97A /* matrix.h */ = {isa = PBXFileReference; explicitFileType = sourcecode.c.h; fileEncoding = 30; name = matrix.h; path = ../../../addons/ofxOpenCv/libs/opencv/include/opencv2/flann/matrix.h; sourceTree = SOURCE_ROOT; };
		027BA8D1184C64B300B0C97A /* miniflann.hpp */ = {isa = PBXFileReference; explicitFileType = sourcecode.c.h; fileEncoding = 30; name = miniflann.hpp; path = ../../../addons/ofxOpenCv/libs/opencv/include/opencv2/flann/miniflann.hpp; sourceTree = SOURCE_ROOT; };
		027BA8D2184C64B300B0C97A /* nn_index.h */ = {isa = PBXFileReference; explicitFileType = sourcecode.c.h; fileEncoding = 30; name = nn_index.h; path = ../../../addons/ofxOpenCv/libs/opencv/include/opencv2/flann/nn_index.h; sourceTree = SOURCE_ROOT; };
		027BA8D3184C64B300B0C97A /* object_factory.h */ = {isa = PBXFileReference; explicitFileType = sourcecode.c.h; fileEncoding = 30; name = object_factory.h; path = ../../../addons/ofxOpenCv/libs/opencv/include/opencv2/flann/object_factory.h; sourceTree = SOURCE_ROOT; };
		027BA8D4184C64B300B0C97A /* params.h */ = {isa = PBXFileReference; explicitFileType = sourcecode.c.h; fileEncoding = 30; name = params.h; path = ../../../addons/ofxOpenCv/libs/opencv/include/opencv2/flann/params.h; sourceTree = SOURCE_ROOT; };
		027BA8D5184C64B300B0C97A /* random.h */ = {isa = PBXFileReference; explicitFileType = sourcecode.c.h; fileEncoding = 30; name = random.h; path = ../../../addons/ofxOpenCv/libs/opencv/include/opencv2/flann/random.h; sourceTree = SOURCE_ROOT; };
		027BA8D6184C64B300B0C97A /* result_set.h */ = {isa = PBXFileReference; explicitFileType = sourcecode.c.h; fileEncoding = 30; name = result_set.h; path = ../../../addons/ofxOpenCv/libs/opencv/include/opencv2/flann/result_set.h; sourceTree = SOURCE_ROOT; };
		027BA8D7184C64B300B0C97A /* sampling.h */ = {isa = PBXFileReference; explicitFileType = sourcecode.c.h; fileEncoding = 30; name = sampling.h; path = ../../../addons/ofxOpenCv/libs/opencv/include/opencv2/flann/sampling.h; sourceTree = SOURCE_ROOT; };
		027BA8D8184C64B300B0C97A /* saving.h */ = {isa = PBXFileReference; explicitFileType = sourcecode.c.h; fileEncoding = 30; name = saving.h; path = ../../../addons/ofxOpenCv/libs/opencv/include/opencv2/flann/saving.h; sourceTree = SOURCE_ROOT; };
		027BA8D9184C64B300B0C97A /* simplex_downhill.h */ = {isa = PBXFileReference; explicitFileType = sourcecode.c.h; fileEncoding = 30; name = simplex_downhill.h; path = ../../../addons/ofxOpenCv/libs/opencv/include/opencv2/flann/simplex_downhill.h; sourceTree = SOURCE_ROOT; };
		027BA8DA184C64B300B0C97A /* timer.h */ = {isa = PBXFileReference; explicitFileType = sourcecode.c.h; fileEncoding = 30; name = timer.h; path = ../../../addons/ofxOpenCv/libs/opencv/include/opencv2/flann/timer.h; sourceTree = SOURCE_ROOT; };
		027BA8DC184C64B300B0C97A /* devmem2d.hpp */ = {isa = PBXFileReference; explicitFileType = sourcecode.c.h; fileEncoding = 30; name = devmem2d.hpp; path = ../../../addons/ofxOpenCv/libs/opencv/include/opencv2/gpu/devmem2d.hpp; sourceTree = SOURCE_ROOT; };
		027BA8DD184C64B300B0C97A /* gpu.hpp */ = {isa = PBXFileReference; explicitFileType = sourcecode.c.h; fileEncoding = 30; name = gpu.hpp; path = ../../../addons/ofxOpenCv/libs/opencv/include/opencv2/gpu/gpu.hpp; sourceTree = SOURCE_ROOT; };
		027BA8DE184C64B300B0C97A /* gpumat.hpp */ = {isa = PBXFileReference; explicitFileType = sourcecode.c.h; fileEncoding = 30; name = gpumat.hpp; path = ../../../addons/ofxOpenCv/libs/opencv/include/opencv2/gpu/gpumat.hpp; sourceTree = SOURCE_ROOT; };
		027BA8DF184C64B300B0C97A /* matrix_operations.hpp */ = {isa = PBXFileReference; explicitFileType = sourcecode.c.h; fileEncoding = 30; name = matrix_operations.hpp; path = ../../../addons/ofxOpenCv/libs/opencv/include/opencv2/gpu/matrix_operations.hpp; sourceTree = SOURCE_ROOT; };
		027BA8E0184C64B300B0C97A /* stream_accessor.hpp */ = {isa = PBXFileReference; explicitFileType = sourcecode.c.h; fileEncoding = 30; name = stream_accessor.hpp; path = ../../../addons/ofxOpenCv/libs/opencv/include/opencv2/gpu/stream_accessor.hpp; sourceTree = SOURCE_ROOT; };
		027BA8E2184C64B300B0C97A /* highgui.hpp */ = {isa = PBXFileReference; explicitFileType = sourcecode.c.h; fileEncoding = 30; name = highgui.hpp; path = ../../../addons/ofxOpenCv/libs/opencv/include/opencv2/highgui/highgui.hpp; sourceTree = SOURCE_ROOT; };
		027BA8E3184C64B300B0C97A /* highgui_c.h */ = {isa = PBXFileReference; explicitFileType = sourcecode.c.h; fileEncoding = 30; name = highgui_c.h; path = ../../../addons/ofxOpenCv/libs/opencv/include/opencv2/highgui/highgui_c.h; sourceTree = SOURCE_ROOT; };
		027BA8E5184C64B300B0C97A /* imgproc.hpp */ = {isa = PBXFileReference; explicitFileType = sourcecode.c.h; fileEncoding = 30; name = imgproc.hpp; path = ../../../addons/ofxOpenCv/libs/opencv/include/opencv2/imgproc/imgproc.hpp; sourceTree = SOURCE_ROOT; };
		027BA8E6184C64B300B0C97A /* imgproc_c.h */ = {isa = PBXFileReference; explicitFileType = sourcecode.c.h; fileEncoding = 30; name = imgproc_c.h; path = ../../../addons/ofxOpenCv/libs/opencv/include/opencv2/imgproc/imgproc_c.h; sourceTree = SOURCE_ROOT; };
		027BA8E7184C64B300B0C97A /* types_c.h */ = {isa = PBXFileReference; explicitFileType = sourcecode.c.h; fileEncoding = 30; name = types_c.h; path = ../../../addons/ofxOpenCv/libs/opencv/include/opencv2/imgproc/types_c.h; sourceTree = SOURCE_ROOT; };
		027BA8E9184C64B300B0C97A /* blobtrack.hpp */ = {isa = PBXFileReference; explicitFileType = sourcecode.c.h; fileEncoding = 30; name = blobtrack.hpp; path = ../../../addons/ofxOpenCv/libs/opencv/include/opencv2/legacy/blobtrack.hpp; sourceTree = SOURCE_ROOT; };
		027BA8EA184C64B300B0C97A /* compat.hpp */ = {isa = PBXFileReference; explicitFileType = sourcecode.c.h; fileEncoding = 30; name = compat.hpp; path = ../../../addons/ofxOpenCv/libs/opencv/include/opencv2/legacy/compat.hpp; sourceTree = SOURCE_ROOT; };
		027BA8EB184C64B300B0C97A /* legacy.hpp */ = {isa = PBXFileReference; explicitFileType = sourcecode.c.h; fileEncoding = 30; name = legacy.hpp; path = ../../../addons/ofxOpenCv/libs/opencv/include/opencv2/legacy/legacy.hpp; sourceTree = SOURCE_ROOT; };
		027BA8EC184C64B300B0C97A /* streams.hpp */ = {isa = PBXFileReference; explicitFileType = sourcecode.c.h; fileEncoding = 30; name = streams.hpp; path = ../../../addons/ofxOpenCv/libs/opencv/include/opencv2/legacy/streams.hpp; sourceTree = SOURCE_ROOT; };
		027BA8EE184C64B300B0C97A /* ml.hpp */ = {isa = PBXFileReference; explicitFileType = sourcecode.c.h; fileEncoding = 30; name = ml.hpp; path = ../../../addons/ofxOpenCv/libs/opencv/include/opencv2/ml/ml.hpp; sourceTree = SOURCE_ROOT; };
		027BA8F0184C64B300B0C97A /* objdetect.hpp */ = {isa = PBXFileReference; explicitFileType = sourcecode.c.h; fileEncoding = 30; name = objdetect.hpp; path = ../../../addons/ofxOpenCv/libs/opencv/include/opencv2/objdetect/objdetect.hpp; sourceTree = SOURCE_ROOT; };
		027BA8F2184C64B300B0C97A /* opencv.hpp */ = {isa = PBXFileReference; explicitFileType = sourcecode.c.h; fileEncoding = 30; name = opencv.hpp; path = ../../../addons/ofxOpenCv/libs/opencv/include/opencv2/opencv.hpp; sourceTree = SOURCE_ROOT; };
		027BA8F3184C64B300B0C97A /* ts.hpp */ = {isa = PBXFileReference; explicitFileType = sourcecode.c.h; fileEncoding = 30; name = ts.hpp; path = ../../../addons/ofxOpenCv/libs/opencv/include/opencv2/ts/ts.hpp; sourceTree = SOURCE_ROOT; };
		027BA8F4184C64B300B0C97A /* ts_gtest.h */ = {isa = PBXFileReference; explicitFileType = sourcecode.c.h; fileEncoding = 30; name = ts_gtest.h; path = ../../../addons/ofxOpenCv/libs/opencv/include/opencv2/ts/ts_gtest.h; sourceTree = SOURCE_ROOT; };
		027BA8F6184C64B300B0C97A /* background_segm.hpp */ = {isa = PBXFileReference; explicitFileType = sourcecode.c.h; fileEncoding = 30; name = background_segm.hpp; path = ../../../addons/ofxOpenCv/libs/opencv/include/opencv2/video/background_segm.hpp; sourceTree = SOURCE_ROOT; };
		027BA8F7184C64B300B0C97A /* tracking.hpp */ = {isa = PBXFileReference; explicitFileType = sourcecode.c.h; fileEncoding = 30; name = tracking.hpp; path = ../../../addons/ofxOpenCv/libs/opencv/include/opencv2/video/tracking.hpp; sourceTree = SOURCE_ROOT; };
		027BA8F8184C64B300B0C97A /* video.hpp */ = {isa = PBXFileReference; explicitFileType = sourcecode.c.h; fileEncoding = 30; name = video.hpp; path = ../../../addons/ofxOpenCv/libs/opencv/include/opencv2/video/video.hpp; sourceTree = SOURCE_ROOT; };
		027BA8FF184C64B300B0C97A /* ofxOsc.h */ = {isa = PBXFileReference; explicitFileType = sourcecode.c.h; fileEncoding = 30; name = ofxOsc.h; path = ../../../addons/ofxOsc/src/ofxOsc.h; sourceTree = SOURCE_ROOT; };
		027BA900184C64B300B0C97A /* ofxOscArg.h */ = {isa = PBXFileReference; explicitFileType = sourcecode.c.h; fileEncoding = 30; name = ofxOscArg.h; path = ../../../addons/ofxOsc/src/ofxOscArg.h; sourceTree = SOURCE_ROOT; };
		027BA901184C64B300B0C97A /* ofxOscBundle.cpp */ = {isa = PBXFileReference; explicitFileType = sourcecode.cpp.cpp; fileEncoding = 30; name = ofxOscBundle.cpp; path = ../../../addons/ofxOsc/src/ofxOscBundle.cpp; sourceTree = SOURCE_ROOT; };
		027BA902184C64B300B0C97A /* ofxOscBundle.h */ = {isa = PBXFileReference; explicitFileType = sourcecode.c.h; fileEncoding = 30; name = ofxOscBundle.h; path = ../../../addons/ofxOsc/src/ofxOscBundle.h; sourceTree = SOURCE_ROOT; };
		027BA903184C64B300B0C97A /* ofxOscMessage.cpp */ = {isa = PBXFileReference; explicitFileType = sourcecode.cpp.cpp; fileEncoding = 30; name = ofxOscMessage.cpp; path = ../../../addons/ofxOsc/src/ofxOscMessage.cpp; sourceTree = SOURCE_ROOT; };
		027BA904184C64B300B0C97A /* ofxOscMessage.h */ = {isa = PBXFileReference; explicitFileType = sourcecode.c.h; fileEncoding = 30; name = ofxOscMessage.h; path = ../../../addons/ofxOsc/src/ofxOscMessage.h; sourceTree = SOURCE_ROOT; };
		027BA905184C64B300B0C97A /* ofxOscReceiver.cpp */ = {isa = PBXFileReference; explicitFileType = sourcecode.cpp.cpp; fileEncoding = 30; name = ofxOscReceiver.cpp; path = ../../../addons/ofxOsc/src/ofxOscReceiver.cpp; sourceTree = SOURCE_ROOT; };
		027BA906184C64B300B0C97A /* ofxOscReceiver.h */ = {isa = PBXFileReference; explicitFileType = sourcecode.c.h; fileEncoding = 30; name = ofxOscReceiver.h; path = ../../../addons/ofxOsc/src/ofxOscReceiver.h; sourceTree = SOURCE_ROOT; };
		027BA907184C64B300B0C97A /* ofxOscSender.cpp */ = {isa = PBXFileReference; explicitFileType = sourcecode.cpp.cpp; fileEncoding = 30; name = ofxOscSender.cpp; path = ../../../addons/ofxOsc/src/ofxOscSender.cpp; sourceTree = SOURCE_ROOT; };
		027BA908184C64B300B0C97A /* ofxOscSender.h */ = {isa = PBXFileReference; explicitFileType = sourcecode.c.h; fileEncoding = 30; name = ofxOscSender.h; path = ../../../addons/ofxOsc/src/ofxOscSender.h; sourceTree = SOURCE_ROOT; };
		027BA90A184C64B300B0C97A /* IpEndpointName.cpp */ = {isa = PBXFileReference; explicitFileType = sourcecode.cpp.cpp; fileEncoding = 30; name = IpEndpointName.cpp; path = ../../../addons/ofxOsc/libs/oscpack/src/ip/IpEndpointName.cpp; sourceTree = SOURCE_ROOT; };
		027BA90B184C64B300B0C97A /* IpEndpointName.h */ = {isa = PBXFileReference; explicitFileType = sourcecode.c.h; fileEncoding = 30; name = IpEndpointName.h; path = ../../../addons/ofxOsc/libs/oscpack/src/ip/IpEndpointName.h; sourceTree = SOURCE_ROOT; };
		027BA90C184C64B300B0C97A /* NetworkingUtils.h */ = {isa = PBXFileReference; explicitFileType = sourcecode.c.h; fileEncoding = 30; name = NetworkingUtils.h; path = ../../../addons/ofxOsc/libs/oscpack/src/ip/NetworkingUtils.h; sourceTree = SOURCE_ROOT; };
		027BA90D184C64B300B0C97A /* PacketListener.h */ = {isa = PBXFileReference; explicitFileType = sourcecode.c.h; fileEncoding = 30; name = PacketListener.h; path = ../../../addons/ofxOsc/libs/oscpack/src/ip/PacketListener.h; sourceTree = SOURCE_ROOT; };
		027BA90E184C64B300B0C97A /* NetworkingUtils.cpp */ = {isa = PBXFileReference; explicitFileType = sourcecode.cpp.cpp; fileEncoding = 30; name = NetworkingUtils.cpp; path = ../../../addons/ofxOsc/libs/oscpack/src/ip/posix/NetworkingUtils.cpp; sourceTree = SOURCE_ROOT; };
		027BA90F184C64B300B0C97A /* UdpSocket.cpp */ = {isa = PBXFileReference; explicitFileType = sourcecode.cpp.cpp; fileEncoding = 30; name = UdpSocket.cpp; path = ../../../addons/ofxOsc/libs/oscpack/src/ip/posix/UdpSocket.cpp; sourceTree = SOURCE_ROOT; };
		027BA911184C64B300B0C97A /* TimerListener.h */ = {isa = PBXFileReference; explicitFileType = sourcecode.c.h; fileEncoding = 30; name = TimerListener.h; path = ../../../addons/ofxOsc/libs/oscpack/src/ip/TimerListener.h; sourceTree = SOURCE_ROOT; };
		027BA912184C64B300B0C97A /* UdpSocket.h */ = {isa = PBXFileReference; explicitFileType = sourcecode.c.h; fileEncoding = 30; name = UdpSocket.h; path = ../../../addons/ofxOsc/libs/oscpack/src/ip/UdpSocket.h; sourceTree = SOURCE_ROOT; };
		027BA913184C64B300B0C97A /* NetworkingUtilsWin.cpp */ = {isa = PBXFileReference; explicitFileType = sourcecode.cpp.cpp; fileEncoding = 30; name = NetworkingUtilsWin.cpp; path = ../../../addons/ofxOsc/libs/oscpack/src/ip/win32/NetworkingUtilsWin.cpp; sourceTree = SOURCE_ROOT; };
		027BA914184C64B300B0C97A /* UdpSocketWin.cpp */ = {isa = PBXFileReference; explicitFileType = sourcecode.cpp.cpp; fileEncoding = 30; name = UdpSocketWin.cpp; path = ../../../addons/ofxOsc/libs/oscpack/src/ip/win32/UdpSocketWin.cpp; sourceTree = SOURCE_ROOT; };
		027BA917184C64B300B0C97A /* MessageMappingOscPacketListener.h */ = {isa = PBXFileReference; explicitFileType = sourcecode.c.h; fileEncoding = 30; name = MessageMappingOscPacketListener.h; path = ../../../addons/ofxOsc/libs/oscpack/src/osc/MessageMappingOscPacketListener.h; sourceTree = SOURCE_ROOT; };
		027BA918184C64B300B0C97A /* OscException.h */ = {isa = PBXFileReference; explicitFileType = sourcecode.c.h; fileEncoding = 30; name = OscException.h; path = ../../../addons/ofxOsc/libs/oscpack/src/osc/OscException.h; sourceTree = SOURCE_ROOT; };
		027BA919184C64B300B0C97A /* OscHostEndianness.h */ = {isa = PBXFileReference; explicitFileType = sourcecode.c.h; fileEncoding = 30; name = OscHostEndianness.h; path = ../../../addons/ofxOsc/libs/oscpack/src/osc/OscHostEndianness.h; sourceTree = SOURCE_ROOT; };
		027BA91A184C64B300B0C97A /* OscOutboundPacketStream.cpp */ = {isa = PBXFileReference; explicitFileType = sourcecode.cpp.cpp; fileEncoding = 30; name = OscOutboundPacketStream.cpp; path = ../../../addons/ofxOsc/libs/oscpack/src/osc/OscOutboundPacketStream.cpp; sourceTree = SOURCE_ROOT; };
		027BA91B184C64B300B0C97A /* OscOutboundPacketStream.h */ = {isa = PBXFileReference; explicitFileType = sourcecode.c.h; fileEncoding = 30; name = OscOutboundPacketStream.h; path = ../../../addons/ofxOsc/libs/oscpack/src/osc/OscOutboundPacketStream.h; sourceTree = SOURCE_ROOT; };
		027BA91C184C64B300B0C97A /* OscPacketListener.h */ = {isa = PBXFileReference; explicitFileType = sourcecode.c.h; fileEncoding = 30; name = OscPacketListener.h; path = ../../../addons/ofxOsc/libs/oscpack/src/osc/OscPacketListener.h; sourceTree = SOURCE_ROOT; };
		027BA91D184C64B300B0C97A /* OscPrintReceivedElements.cpp */ = {isa = PBXFileReference; explicitFileType = sourcecode.cpp.cpp; fileEncoding = 30; name = OscPrintReceivedElements.cpp; path = ../../../addons/ofxOsc/libs/oscpack/src/osc/OscPrintReceivedElements.cpp; sourceTree = SOURCE_ROOT; };
		027BA91E184C64B300B0C97A /* OscPrintReceivedElements.h */ = {isa = PBXFileReference; explicitFileType = sourcecode.c.h; fileEncoding = 30; name = OscPrintReceivedElements.h; path = ../../../addons/ofxOsc/libs/oscpack/src/osc/OscPrintReceivedElements.h; sourceTree = SOURCE_ROOT; };
		027BA91F184C64B300B0C97A /* OscReceivedElements.cpp */ = {isa = PBXFileReference; explicitFileType = sourcecode.cpp.cpp; fileEncoding = 30; name = OscReceivedElements.cpp; path = ../../../addons/ofxOsc/libs/oscpack/src/osc/OscReceivedElements.cpp; sourceTree = SOURCE_ROOT; };
		027BA920184C64B300B0C97A /* OscReceivedElements.h */ = {isa = PBXFileReference; explicitFileType = sourcecode.c.h; fileEncoding = 30; name = OscReceivedElements.h; path = ../../../addons/ofxOsc/libs/oscpack/src/osc/OscReceivedElements.h; sourceTree = SOURCE_ROOT; };
		027BA921184C64B300B0C97A /* OscTypes.cpp */ = {isa = PBXFileReference; explicitFileType = sourcecode.cpp.cpp; fileEncoding = 30; name = OscTypes.cpp; path = ../../../addons/ofxOsc/libs/oscpack/src/osc/OscTypes.cpp; sourceTree = SOURCE_ROOT; };
		027BA922184C64B300B0C97A /* OscTypes.h */ = {isa = PBXFileReference; explicitFileType = sourcecode.c.h; fileEncoding = 30; name = OscTypes.h; path = ../../../addons/ofxOsc/libs/oscpack/src/osc/OscTypes.h; sourceTree = SOURCE_ROOT; };
		027BA984184C651A00B0C97A /* macGlutfix.h */ = {isa = PBXFileReference; fileEncoding = 4; lastKnownFileType = sourcecode.c.h; name = macGlutfix.h; path = src/macGlutfix.h; sourceTree = SOURCE_ROOT; };
		027BA985184C651A00B0C97A /* macGlutfix.m */ = {isa = PBXFileReference; fileEncoding = 4; lastKnownFileType = sourcecode.c.objc; name = macGlutfix.m; path = src/macGlutfix.m; sourceTree = SOURCE_ROOT; };
		027BA986184C651A00B0C97A /* main.cpp */ = {isa = PBXFileReference; fileEncoding = 4; lastKnownFileType = sourcecode.cpp.cpp; name = main.cpp; path = src/main.cpp; sourceTree = SOURCE_ROOT; };
		027BA987184C651A00B0C97A /* testApp.cpp */ = {isa = PBXFileReference; fileEncoding = 4; lastKnownFileType = sourcecode.cpp.cpp; name = testApp.cpp; path = src/testApp.cpp; sourceTree = SOURCE_ROOT; };
		027BA988184C651A00B0C97A /* testApp.h */ = {isa = PBXFileReference; fileEncoding = 4; lastKnownFileType = sourcecode.c.h; name = testApp.h; path = src/testApp.h; sourceTree = SOURCE_ROOT; };
		BBAB23BE13894E4700AA2426 /* GLUT.framework */ = {isa = PBXFileReference; lastKnownFileType = wrapper.framework; name = GLUT.framework; path = ../../../libs/glut/lib/osx/GLUT.framework; sourceTree = "<group>"; };
		E4328143138ABC890047C5CB /* openFrameworksLib.xcodeproj */ = {isa = PBXFileReference; lastKnownFileType = "wrapper.pb-project"; name = openFrameworksLib.xcodeproj; path = ../../../libs/openFrameworksCompiled/project/osx/openFrameworksLib.xcodeproj; sourceTree = SOURCE_ROOT; };
		E45BE9710E8CC7DD009D7055 /* AGL.framework */ = {isa = PBXFileReference; lastKnownFileType = wrapper.framework; name = AGL.framework; path = /System/Library/Frameworks/AGL.framework; sourceTree = "<absolute>"; };
		E45BE9720E8CC7DD009D7055 /* ApplicationServices.framework */ = {isa = PBXFileReference; lastKnownFileType = wrapper.framework; name = ApplicationServices.framework; path = /System/Library/Frameworks/ApplicationServices.framework; sourceTree = "<absolute>"; };
		E45BE9730E8CC7DD009D7055 /* AudioToolbox.framework */ = {isa = PBXFileReference; lastKnownFileType = wrapper.framework; name = AudioToolbox.framework; path = /System/Library/Frameworks/AudioToolbox.framework; sourceTree = "<absolute>"; };
		E45BE9740E8CC7DD009D7055 /* Carbon.framework */ = {isa = PBXFileReference; lastKnownFileType = wrapper.framework; name = Carbon.framework; path = /System/Library/Frameworks/Carbon.framework; sourceTree = "<absolute>"; };
		E45BE9750E8CC7DD009D7055 /* CoreAudio.framework */ = {isa = PBXFileReference; lastKnownFileType = wrapper.framework; name = CoreAudio.framework; path = /System/Library/Frameworks/CoreAudio.framework; sourceTree = "<absolute>"; };
		E45BE9760E8CC7DD009D7055 /* CoreFoundation.framework */ = {isa = PBXFileReference; lastKnownFileType = wrapper.framework; name = CoreFoundation.framework; path = /System/Library/Frameworks/CoreFoundation.framework; sourceTree = "<absolute>"; };
		E45BE9770E8CC7DD009D7055 /* CoreServices.framework */ = {isa = PBXFileReference; lastKnownFileType = wrapper.framework; name = CoreServices.framework; path = /System/Library/Frameworks/CoreServices.framework; sourceTree = "<absolute>"; };
		E45BE9790E8CC7DD009D7055 /* OpenGL.framework */ = {isa = PBXFileReference; lastKnownFileType = wrapper.framework; name = OpenGL.framework; path = /System/Library/Frameworks/OpenGL.framework; sourceTree = "<absolute>"; };
		E45BE97A0E8CC7DD009D7055 /* QuickTime.framework */ = {isa = PBXFileReference; lastKnownFileType = wrapper.framework; name = QuickTime.framework; path = /System/Library/Frameworks/QuickTime.framework; sourceTree = "<absolute>"; };
		E4B69B5B0A3A1756003C02F2 /* liveVisualsComputerVisionDebug.app */ = {isa = PBXFileReference; explicitFileType = wrapper.application; includeInIndex = 0; path = liveVisualsComputerVisionDebug.app; sourceTree = BUILT_PRODUCTS_DIR; };
		E4B6FCAD0C3E899E008CF71C /* openFrameworks-Info.plist */ = {isa = PBXFileReference; fileEncoding = 30; lastKnownFileType = text.plist.xml; path = "openFrameworks-Info.plist"; sourceTree = "<group>"; };
		E4C2424410CC5A17004149E2 /* AppKit.framework */ = {isa = PBXFileReference; lastKnownFileType = wrapper.framework; name = AppKit.framework; path = /System/Library/Frameworks/AppKit.framework; sourceTree = "<absolute>"; };
		E4C2424510CC5A17004149E2 /* Cocoa.framework */ = {isa = PBXFileReference; lastKnownFileType = wrapper.framework; name = Cocoa.framework; path = /System/Library/Frameworks/Cocoa.framework; sourceTree = "<absolute>"; };
		E4C2424610CC5A17004149E2 /* IOKit.framework */ = {isa = PBXFileReference; lastKnownFileType = wrapper.framework; name = IOKit.framework; path = /System/Library/Frameworks/IOKit.framework; sourceTree = "<absolute>"; };
		E4EB691F138AFCF100A09F29 /* CoreOF.xcconfig */ = {isa = PBXFileReference; fileEncoding = 4; lastKnownFileType = text.xcconfig; name = CoreOF.xcconfig; path = ../../../libs/openFrameworksCompiled/project/osx/CoreOF.xcconfig; sourceTree = SOURCE_ROOT; };
		E4EB6923138AFD0F00A09F29 /* Project.xcconfig */ = {isa = PBXFileReference; fileEncoding = 4; lastKnownFileType = text.xcconfig; path = Project.xcconfig; sourceTree = "<group>"; };
		E7E077E415D3B63C0020DFD4 /* CoreVideo.framework */ = {isa = PBXFileReference; lastKnownFileType = wrapper.framework; name = CoreVideo.framework; path = /System/Library/Frameworks/CoreVideo.framework; sourceTree = "<absolute>"; };
		E7E077E715D3B6510020DFD4 /* QTKit.framework */ = {isa = PBXFileReference; lastKnownFileType = wrapper.framework; name = QTKit.framework; path = /System/Library/Frameworks/QTKit.framework; sourceTree = "<absolute>"; };
		E7F985F515E0DE99003869B5 /* Accelerate.framework */ = {isa = PBXFileReference; lastKnownFileType = wrapper.framework; name = Accelerate.framework; path = /System/Library/Frameworks/Accelerate.framework; sourceTree = "<absolute>"; };
/* End PBXFileReference section */

/* Begin PBXFrameworksBuildPhase section */
		E4B69B590A3A1756003C02F2 /* Frameworks */ = {
			isa = PBXFrameworksBuildPhase;
			buildActionMask = 2147483647;
			files = (
				E7F985F815E0DEA3003869B5 /* Accelerate.framework in Frameworks */,
				E7E077E815D3B6510020DFD4 /* QTKit.framework in Frameworks */,
				E4EB6799138ADC1D00A09F29 /* GLUT.framework in Frameworks */,
				E4328149138ABC9F0047C5CB /* openFrameworksDebug.a in Frameworks */,
				E45BE97B0E8CC7DD009D7055 /* AGL.framework in Frameworks */,
				E45BE97C0E8CC7DD009D7055 /* ApplicationServices.framework in Frameworks */,
				E45BE97D0E8CC7DD009D7055 /* AudioToolbox.framework in Frameworks */,
				E45BE97E0E8CC7DD009D7055 /* Carbon.framework in Frameworks */,
				E45BE97F0E8CC7DD009D7055 /* CoreAudio.framework in Frameworks */,
				E45BE9800E8CC7DD009D7055 /* CoreFoundation.framework in Frameworks */,
				E45BE9810E8CC7DD009D7055 /* CoreServices.framework in Frameworks */,
				E45BE9830E8CC7DD009D7055 /* OpenGL.framework in Frameworks */,
				E45BE9840E8CC7DD009D7055 /* QuickTime.framework in Frameworks */,
				E4C2424710CC5A17004149E2 /* AppKit.framework in Frameworks */,
				E4C2424810CC5A17004149E2 /* Cocoa.framework in Frameworks */,
				E4C2424910CC5A17004149E2 /* IOKit.framework in Frameworks */,
				E7E077E515D3B63C0020DFD4 /* CoreVideo.framework in Frameworks */,
			);
			runOnlyForDeploymentPostprocessing = 0;
		};
/* End PBXFrameworksBuildPhase section */

/* Begin PBXGroup section */
		027BA899184C64B300B0C97A /* src */ = {
			isa = PBXGroup;
			children = (
				027BA887184C64B300B0C97A /* ofxCvBlob.h */,
				027BA888184C64B300B0C97A /* ofxCvColorImage.cpp */,
				027BA889184C64B300B0C97A /* ofxCvColorImage.h */,
				027BA88A184C64B300B0C97A /* ofxCvConstants.h */,
				027BA88B184C64B300B0C97A /* ofxCvContourFinder.cpp */,
				027BA88C184C64B300B0C97A /* ofxCvContourFinder.h */,
				027BA88D184C64B300B0C97A /* ofxCvFloatImage.cpp */,
				027BA88E184C64B300B0C97A /* ofxCvFloatImage.h */,
				027BA88F184C64B300B0C97A /* ofxCvGrayscaleImage.cpp */,
				027BA890184C64B300B0C97A /* ofxCvGrayscaleImage.h */,
				027BA891184C64B300B0C97A /* ofxCvHaarFinder.cpp */,
				027BA892184C64B300B0C97A /* ofxCvHaarFinder.h */,
				027BA893184C64B300B0C97A /* ofxCvImage.cpp */,
				027BA894184C64B300B0C97A /* ofxCvImage.h */,
				027BA895184C64B300B0C97A /* ofxCvMain.h */,
				027BA896184C64B300B0C97A /* ofxCvShortImage.cpp */,
				027BA897184C64B300B0C97A /* ofxCvShortImage.h */,
				027BA898184C64B300B0C97A /* ofxOpenCv.h */,
			);
			name = src;
			sourceTree = "<group>";
		};
		027BA8A5184C64B300B0C97A /* opencv */ = {
			isa = PBXGroup;
			children = (
				027BA89A184C64B300B0C97A /* cv.h */,
				027BA89B184C64B300B0C97A /* cv.hpp */,
				027BA89C184C64B300B0C97A /* cvaux.h */,
				027BA89D184C64B300B0C97A /* cvaux.hpp */,
				027BA89E184C64B300B0C97A /* cvwimage.h */,
				027BA89F184C64B300B0C97A /* cxcore.h */,
				027BA8A0184C64B300B0C97A /* cxcore.hpp */,
				027BA8A1184C64B300B0C97A /* cxeigen.hpp */,
				027BA8A2184C64B300B0C97A /* cxmisc.h */,
				027BA8A3184C64B300B0C97A /* highgui.h */,
				027BA8A4184C64B300B0C97A /* ml.h */,
			);
			name = opencv;
			sourceTree = "<group>";
		};
		027BA8A7184C64B300B0C97A /* calib3d */ = {
			isa = PBXGroup;
			children = (
				027BA8A6184C64B300B0C97A /* calib3d.hpp */,
			);
			name = calib3d;
			sourceTree = "<group>";
		};
		027BA8AA184C64B300B0C97A /* contrib */ = {
			isa = PBXGroup;
			children = (
				027BA8A8184C64B300B0C97A /* contrib.hpp */,
				027BA8A9184C64B300B0C97A /* retina.hpp */,
			);
			name = contrib;
			sourceTree = "<group>";
		};
		027BA8B4184C64B300B0C97A /* core */ = {
			isa = PBXGroup;
			children = (
				027BA8AB184C64B300B0C97A /* core.hpp */,
				027BA8AC184C64B300B0C97A /* core_c.h */,
				027BA8AD184C64B300B0C97A /* eigen.hpp */,
				027BA8AE184C64B300B0C97A /* internal.hpp */,
				027BA8AF184C64B300B0C97A /* mat.hpp */,
				027BA8B0184C64B300B0C97A /* operations.hpp */,
				027BA8B1184C64B300B0C97A /* types_c.h */,
				027BA8B2184C64B300B0C97A /* version.hpp */,
				027BA8B3184C64B300B0C97A /* wimage.hpp */,
			);
			name = core;
			sourceTree = "<group>";
		};
		027BA8B6184C64B300B0C97A /* features2d */ = {
			isa = PBXGroup;
			children = (
				027BA8B5184C64B300B0C97A /* features2d.hpp */,
			);
			name = features2d;
			sourceTree = "<group>";
		};
		027BA8DB184C64B300B0C97A /* flann */ = {
			isa = PBXGroup;
			children = (
				027BA8B7184C64B300B0C97A /* all_indices.h */,
				027BA8B8184C64B300B0C97A /* allocator.h */,
				027BA8B9184C64B300B0C97A /* any.h */,
				027BA8BA184C64B300B0C97A /* autotuned_index.h */,
				027BA8BB184C64B300B0C97A /* composite_index.h */,
				027BA8BC184C64B300B0C97A /* config.h */,
				027BA8BD184C64B300B0C97A /* defines.h */,
				027BA8BE184C64B300B0C97A /* dist.h */,
				027BA8BF184C64B300B0C97A /* dummy.h */,
				027BA8C0184C64B300B0C97A /* dynamic_bitset.h */,
				027BA8C1184C64B300B0C97A /* flann.hpp */,
				027BA8C2184C64B300B0C97A /* flann_base.hpp */,
				027BA8C3184C64B300B0C97A /* general.h */,
				027BA8C4184C64B300B0C97A /* ground_truth.h */,
				027BA8C5184C64B300B0C97A /* hdf5.h */,
				027BA8C6184C64B300B0C97A /* heap.h */,
				027BA8C7184C64B300B0C97A /* hierarchical_clustering_index.h */,
				027BA8C8184C64B300B0C97A /* index_testing.h */,
				027BA8C9184C64B300B0C97A /* kdtree_index.h */,
				027BA8CA184C64B300B0C97A /* kdtree_single_index.h */,
				027BA8CB184C64B300B0C97A /* kmeans_index.h */,
				027BA8CC184C64B300B0C97A /* linear_index.h */,
				027BA8CD184C64B300B0C97A /* logger.h */,
				027BA8CE184C64B300B0C97A /* lsh_index.h */,
				027BA8CF184C64B300B0C97A /* lsh_table.h */,
				027BA8D0184C64B300B0C97A /* matrix.h */,
				027BA8D1184C64B300B0C97A /* miniflann.hpp */,
				027BA8D2184C64B300B0C97A /* nn_index.h */,
				027BA8D3184C64B300B0C97A /* object_factory.h */,
				027BA8D4184C64B300B0C97A /* params.h */,
				027BA8D5184C64B300B0C97A /* random.h */,
				027BA8D6184C64B300B0C97A /* result_set.h */,
				027BA8D7184C64B300B0C97A /* sampling.h */,
				027BA8D8184C64B300B0C97A /* saving.h */,
				027BA8D9184C64B300B0C97A /* simplex_downhill.h */,
				027BA8DA184C64B300B0C97A /* timer.h */,
			);
			name = flann;
			sourceTree = "<group>";
		};
		027BA8E1184C64B300B0C97A /* gpu */ = {
			isa = PBXGroup;
			children = (
				027BA8DC184C64B300B0C97A /* devmem2d.hpp */,
				027BA8DD184C64B300B0C97A /* gpu.hpp */,
				027BA8DE184C64B300B0C97A /* gpumat.hpp */,
				027BA8DF184C64B300B0C97A /* matrix_operations.hpp */,
				027BA8E0184C64B300B0C97A /* stream_accessor.hpp */,
			);
			name = gpu;
			sourceTree = "<group>";
		};
		027BA8E4184C64B300B0C97A /* highgui */ = {
			isa = PBXGroup;
			children = (
				027BA8E2184C64B300B0C97A /* highgui.hpp */,
				027BA8E3184C64B300B0C97A /* highgui_c.h */,
			);
			name = highgui;
			sourceTree = "<group>";
		};
		027BA8E8184C64B300B0C97A /* imgproc */ = {
			isa = PBXGroup;
			children = (
				027BA8E5184C64B300B0C97A /* imgproc.hpp */,
				027BA8E6184C64B300B0C97A /* imgproc_c.h */,
				027BA8E7184C64B300B0C97A /* types_c.h */,
			);
			name = imgproc;
			sourceTree = "<group>";
		};
		027BA8ED184C64B300B0C97A /* legacy */ = {
			isa = PBXGroup;
			children = (
				027BA8E9184C64B300B0C97A /* blobtrack.hpp */,
				027BA8EA184C64B300B0C97A /* compat.hpp */,
				027BA8EB184C64B300B0C97A /* legacy.hpp */,
				027BA8EC184C64B300B0C97A /* streams.hpp */,
			);
			name = legacy;
			sourceTree = "<group>";
		};
		027BA8EF184C64B300B0C97A /* ml */ = {
			isa = PBXGroup;
			children = (
				027BA8EE184C64B300B0C97A /* ml.hpp */,
			);
			name = ml;
			sourceTree = "<group>";
		};
		027BA8F1184C64B300B0C97A /* objdetect */ = {
			isa = PBXGroup;
			children = (
				027BA8F0184C64B300B0C97A /* objdetect.hpp */,
			);
			name = objdetect;
			sourceTree = "<group>";
		};
		027BA8F5184C64B300B0C97A /* ts */ = {
			isa = PBXGroup;
			children = (
				027BA8F3184C64B300B0C97A /* ts.hpp */,
				027BA8F4184C64B300B0C97A /* ts_gtest.h */,
			);
			name = ts;
			sourceTree = "<group>";
		};
		027BA8F9184C64B300B0C97A /* video */ = {
			isa = PBXGroup;
			children = (
				027BA8F6184C64B300B0C97A /* background_segm.hpp */,
				027BA8F7184C64B300B0C97A /* tracking.hpp */,
				027BA8F8184C64B300B0C97A /* video.hpp */,
			);
			name = video;
			sourceTree = "<group>";
		};
		027BA8FA184C64B300B0C97A /* opencv2 */ = {
			isa = PBXGroup;
			children = (
				027BA8A7184C64B300B0C97A /* calib3d */,
				027BA8AA184C64B300B0C97A /* contrib */,
				027BA8B4184C64B300B0C97A /* core */,
				027BA8B6184C64B300B0C97A /* features2d */,
				027BA8DB184C64B300B0C97A /* flann */,
				027BA8E1184C64B300B0C97A /* gpu */,
				027BA8E4184C64B300B0C97A /* highgui */,
				027BA8E8184C64B300B0C97A /* imgproc */,
				027BA8ED184C64B300B0C97A /* legacy */,
				027BA8EF184C64B300B0C97A /* ml */,
				027BA8F1184C64B300B0C97A /* objdetect */,
				027BA8F2184C64B300B0C97A /* opencv.hpp */,
				027BA8F5184C64B300B0C97A /* ts */,
				027BA8F9184C64B300B0C97A /* video */,
			);
			name = opencv2;
			sourceTree = "<group>";
		};
		027BA8FB184C64B300B0C97A /* include */ = {
			isa = PBXGroup;
			children = (
				027BA8A5184C64B300B0C97A /* opencv */,
				027BA8FA184C64B300B0C97A /* opencv2 */,
			);
			name = include;
			sourceTree = "<group>";
		};
		027BA8FC184C64B300B0C97A /* opencv */ = {
			isa = PBXGroup;
			children = (
				027BA8FB184C64B300B0C97A /* include */,
			);
			name = opencv;
			sourceTree = "<group>";
		};
		027BA8FD184C64B300B0C97A /* libs */ = {
			isa = PBXGroup;
			children = (
				027BA8FC184C64B300B0C97A /* opencv */,
			);
			name = libs;
			sourceTree = "<group>";
		};
		027BA8FE184C64B300B0C97A /* ofxOpenCv */ = {
			isa = PBXGroup;
			children = (
				027BA899184C64B300B0C97A /* src */,
				027BA8FD184C64B300B0C97A /* libs */,
			);
			name = ofxOpenCv;
			sourceTree = "<group>";
		};
		027BA909184C64B300B0C97A /* src */ = {
			isa = PBXGroup;
			children = (
				027BA8FF184C64B300B0C97A /* ofxOsc.h */,
				027BA900184C64B300B0C97A /* ofxOscArg.h */,
				027BA901184C64B300B0C97A /* ofxOscBundle.cpp */,
				027BA902184C64B300B0C97A /* ofxOscBundle.h */,
				027BA903184C64B300B0C97A /* ofxOscMessage.cpp */,
				027BA904184C64B300B0C97A /* ofxOscMessage.h */,
				027BA905184C64B300B0C97A /* ofxOscReceiver.cpp */,
				027BA906184C64B300B0C97A /* ofxOscReceiver.h */,
				027BA907184C64B300B0C97A /* ofxOscSender.cpp */,
				027BA908184C64B300B0C97A /* ofxOscSender.h */,
			);
			name = src;
			sourceTree = "<group>";
		};
		027BA910184C64B300B0C97A /* posix */ = {
			isa = PBXGroup;
			children = (
				027BA90E184C64B300B0C97A /* NetworkingUtils.cpp */,
				027BA90F184C64B300B0C97A /* UdpSocket.cpp */,
			);
			name = posix;
			sourceTree = "<group>";
		};
		027BA915184C64B300B0C97A /* win32 */ = {
			isa = PBXGroup;
			children = (
				027BA913184C64B300B0C97A /* NetworkingUtilsWin.cpp */,
				027BA914184C64B300B0C97A /* UdpSocketWin.cpp */,
			);
			name = win32;
			sourceTree = "<group>";
		};
		027BA916184C64B300B0C97A /* ip */ = {
			isa = PBXGroup;
			children = (
				027BA90A184C64B300B0C97A /* IpEndpointName.cpp */,
				027BA90B184C64B300B0C97A /* IpEndpointName.h */,
				027BA90C184C64B300B0C97A /* NetworkingUtils.h */,
				027BA90D184C64B300B0C97A /* PacketListener.h */,
				027BA910184C64B300B0C97A /* posix */,
				027BA911184C64B300B0C97A /* TimerListener.h */,
				027BA912184C64B300B0C97A /* UdpSocket.h */,
				027BA915184C64B300B0C97A /* win32 */,
			);
			name = ip;
			sourceTree = "<group>";
		};
		027BA923184C64B300B0C97A /* osc */ = {
			isa = PBXGroup;
			children = (
				027BA917184C64B300B0C97A /* MessageMappingOscPacketListener.h */,
				027BA918184C64B300B0C97A /* OscException.h */,
				027BA919184C64B300B0C97A /* OscHostEndianness.h */,
				027BA91A184C64B300B0C97A /* OscOutboundPacketStream.cpp */,
				027BA91B184C64B300B0C97A /* OscOutboundPacketStream.h */,
				027BA91C184C64B300B0C97A /* OscPacketListener.h */,
				027BA91D184C64B300B0C97A /* OscPrintReceivedElements.cpp */,
				027BA91E184C64B300B0C97A /* OscPrintReceivedElements.h */,
				027BA91F184C64B300B0C97A /* OscReceivedElements.cpp */,
				027BA920184C64B300B0C97A /* OscReceivedElements.h */,
				027BA921184C64B300B0C97A /* OscTypes.cpp */,
				027BA922184C64B300B0C97A /* OscTypes.h */,
			);
			name = osc;
			sourceTree = "<group>";
		};
		027BA924184C64B300B0C97A /* src */ = {
			isa = PBXGroup;
			children = (
				027BA916184C64B300B0C97A /* ip */,
				027BA923184C64B300B0C97A /* osc */,
			);
			name = src;
			sourceTree = "<group>";
		};
		027BA925184C64B300B0C97A /* oscpack */ = {
			isa = PBXGroup;
			children = (
				027BA924184C64B300B0C97A /* src */,
			);
			name = oscpack;
			sourceTree = "<group>";
		};
		027BA926184C64B300B0C97A /* libs */ = {
			isa = PBXGroup;
			children = (
				027BA925184C64B300B0C97A /* oscpack */,
			);
			name = libs;
			sourceTree = "<group>";
		};
		027BA927184C64B300B0C97A /* ofxOsc */ = {
			isa = PBXGroup;
			children = (
				027BA909184C64B300B0C97A /* src */,
				027BA926184C64B300B0C97A /* libs */,
			);
			name = ofxOsc;
			sourceTree = "<group>";
		};
		BB4B014C10F69532006C3DED /* addons */ = {
			isa = PBXGroup;
			children = (
				027BA8FE184C64B300B0C97A /* ofxOpenCv */,
				027BA927184C64B300B0C97A /* ofxOsc */,
			);
			name = addons;
			sourceTree = "<group>";
		};
		BBAB23C913894ECA00AA2426 /* system frameworks */ = {
			isa = PBXGroup;
			children = (
				E7F985F515E0DE99003869B5 /* Accelerate.framework */,
				E4C2424410CC5A17004149E2 /* AppKit.framework */,
				E4C2424510CC5A17004149E2 /* Cocoa.framework */,
				E4C2424610CC5A17004149E2 /* IOKit.framework */,
				E45BE9710E8CC7DD009D7055 /* AGL.framework */,
				E45BE9720E8CC7DD009D7055 /* ApplicationServices.framework */,
				E45BE9730E8CC7DD009D7055 /* AudioToolbox.framework */,
				E45BE9740E8CC7DD009D7055 /* Carbon.framework */,
				E45BE9750E8CC7DD009D7055 /* CoreAudio.framework */,
				E45BE9760E8CC7DD009D7055 /* CoreFoundation.framework */,
				E45BE9770E8CC7DD009D7055 /* CoreServices.framework */,
				E45BE9790E8CC7DD009D7055 /* OpenGL.framework */,
				E45BE97A0E8CC7DD009D7055 /* QuickTime.framework */,
				E7E077E415D3B63C0020DFD4 /* CoreVideo.framework */,
				E7E077E715D3B6510020DFD4 /* QTKit.framework */,
			);
			name = "system frameworks";
			sourceTree = "<group>";
		};
		BBAB23CA13894EDB00AA2426 /* 3rd party frameworks */ = {
			isa = PBXGroup;
			children = (
				BBAB23BE13894E4700AA2426 /* GLUT.framework */,
			);
			name = "3rd party frameworks";
			sourceTree = "<group>";
		};
		E4328144138ABC890047C5CB /* Products */ = {
			isa = PBXGroup;
			children = (
				E4328148138ABC890047C5CB /* openFrameworksDebug.a */,
			);
			name = Products;
			sourceTree = "<group>";
		};
		E45BE5980E8CC70C009D7055 /* frameworks */ = {
			isa = PBXGroup;
			children = (
				BBAB23CA13894EDB00AA2426 /* 3rd party frameworks */,
				BBAB23C913894ECA00AA2426 /* system frameworks */,
			);
			name = frameworks;
			sourceTree = "<group>";
		};
		E4B69B4A0A3A1720003C02F2 = {
			isa = PBXGroup;
			children = (
				E4B6FCAD0C3E899E008CF71C /* openFrameworks-Info.plist */,
				E4EB6923138AFD0F00A09F29 /* Project.xcconfig */,
				E4B69E1C0A3A1BDC003C02F2 /* src */,
				E4EEC9E9138DF44700A80321 /* openFrameworks */,
				BB4B014C10F69532006C3DED /* addons */,
				E45BE5980E8CC70C009D7055 /* frameworks */,
				E4B69B5B0A3A1756003C02F2 /* liveVisualsComputerVisionDebug.app */,
			);
			sourceTree = "<group>";
		};
		E4B69E1C0A3A1BDC003C02F2 /* src */ = {
			isa = PBXGroup;
			children = (
				027BA984184C651A00B0C97A /* macGlutfix.h */,
				027BA985184C651A00B0C97A /* macGlutfix.m */,
				027BA986184C651A00B0C97A /* main.cpp */,
				027BA987184C651A00B0C97A /* testApp.cpp */,
				027BA988184C651A00B0C97A /* testApp.h */,
			);
			path = src;
			sourceTree = SOURCE_ROOT;
		};
		E4EEC9E9138DF44700A80321 /* openFrameworks */ = {
			isa = PBXGroup;
			children = (
				E4EB691F138AFCF100A09F29 /* CoreOF.xcconfig */,
				E4328143138ABC890047C5CB /* openFrameworksLib.xcodeproj */,
			);
			name = openFrameworks;
			sourceTree = "<group>";
		};
/* End PBXGroup section */

/* Begin PBXNativeTarget section */
		E4B69B5A0A3A1756003C02F2 /* liveVisualsComputerVision */ = {
			isa = PBXNativeTarget;
			buildConfigurationList = E4B69B5F0A3A1757003C02F2 /* Build configuration list for PBXNativeTarget "liveVisualsComputerVision" */;
			buildPhases = (
				E4B69B580A3A1756003C02F2 /* Sources */,
				E4B69B590A3A1756003C02F2 /* Frameworks */,
				E4B6FFFD0C3F9AB9008CF71C /* ShellScript */,
				E4C2427710CC5ABF004149E2 /* CopyFiles */,
			);
			buildRules = (
			);
			dependencies = (
				E4EEB9AC138B136A00A80321 /* PBXTargetDependency */,
			);
			name = liveVisualsComputerVision;
			productName = myOFApp;
			productReference = E4B69B5B0A3A1756003C02F2 /* liveVisualsComputerVisionDebug.app */;
			productType = "com.apple.product-type.application";
		};
/* End PBXNativeTarget section */

/* Begin PBXProject section */
		E4B69B4C0A3A1720003C02F2 /* Project object */ = {
			isa = PBXProject;
			buildConfigurationList = E4B69B4D0A3A1720003C02F2 /* Build configuration list for PBXProject "liveVisualsComputerVision" */;
			compatibilityVersion = "Xcode 2.4";
			developmentRegion = English;
			hasScannedForEncodings = 0;
			knownRegions = (
				English,
				Japanese,
				French,
				German,
			);
			mainGroup = E4B69B4A0A3A1720003C02F2;
			productRefGroup = E4B69B4A0A3A1720003C02F2;
			projectDirPath = "";
			projectReferences = (
				{
					ProductGroup = E4328144138ABC890047C5CB /* Products */;
					ProjectRef = E4328143138ABC890047C5CB /* openFrameworksLib.xcodeproj */;
				},
			);
			projectRoot = "";
			targets = (
				E4B69B5A0A3A1756003C02F2 /* liveVisualsComputerVision */,
			);
		};
/* End PBXProject section */

/* Begin PBXReferenceProxy section */
		E4328148138ABC890047C5CB /* openFrameworksDebug.a */ = {
			isa = PBXReferenceProxy;
			fileType = archive.ar;
			path = openFrameworksDebug.a;
			remoteRef = E4328147138ABC890047C5CB /* PBXContainerItemProxy */;
			sourceTree = BUILT_PRODUCTS_DIR;
		};
/* End PBXReferenceProxy section */

/* Begin PBXShellScriptBuildPhase section */
		E4B6FFFD0C3F9AB9008CF71C /* ShellScript */ = {
			isa = PBXShellScriptBuildPhase;
			buildActionMask = 2147483647;
			files = (
			);
			inputPaths = (
			);
			outputPaths = (
			);
			runOnlyForDeploymentPostprocessing = 0;
			shellPath = /bin/sh;
			shellScript = "cp -f ../../../libs/fmodex/lib/osx/libfmodex.dylib \"$TARGET_BUILD_DIR/$PRODUCT_NAME.app/Contents/MacOS/libfmodex.dylib\"; install_name_tool -change ./libfmodex.dylib @executable_path/libfmodex.dylib \"$TARGET_BUILD_DIR/$PRODUCT_NAME.app/Contents/MacOS/$PRODUCT_NAME\";";
		};
/* End PBXShellScriptBuildPhase section */

/* Begin PBXSourcesBuildPhase section */
		E4B69B580A3A1756003C02F2 /* Sources */ = {
			isa = PBXSourcesBuildPhase;
			buildActionMask = 2147483647;
			files = (
				027BA92F184C64B300B0C97A /* ofxCvColorImage.cpp in Sources */,
				027BA930184C64B300B0C97A /* ofxCvContourFinder.cpp in Sources */,
				027BA931184C64B300B0C97A /* ofxCvFloatImage.cpp in Sources */,
				027BA932184C64B300B0C97A /* ofxCvGrayscaleImage.cpp in Sources */,
				027BA933184C64B300B0C97A /* ofxCvHaarFinder.cpp in Sources */,
				027BA934184C64B300B0C97A /* ofxCvImage.cpp in Sources */,
				027BA935184C64B300B0C97A /* ofxCvShortImage.cpp in Sources */,
				027BA936184C64B300B0C97A /* ofxOscBundle.cpp in Sources */,
				027BA937184C64B300B0C97A /* ofxOscMessage.cpp in Sources */,
				027BA938184C64B300B0C97A /* ofxOscReceiver.cpp in Sources */,
				027BA939184C64B300B0C97A /* ofxOscSender.cpp in Sources */,
				027BA93A184C64B300B0C97A /* IpEndpointName.cpp in Sources */,
				027BA93B184C64B300B0C97A /* NetworkingUtils.cpp in Sources */,
				027BA93C184C64B300B0C97A /* UdpSocket.cpp in Sources */,
				027BA93D184C64B300B0C97A /* NetworkingUtilsWin.cpp in Sources */,
				027BA93E184C64B300B0C97A /* UdpSocketWin.cpp in Sources */,
				027BA93F184C64B300B0C97A /* OscOutboundPacketStream.cpp in Sources */,
				027BA940184C64B300B0C97A /* OscPrintReceivedElements.cpp in Sources */,
				027BA941184C64B300B0C97A /* OscReceivedElements.cpp in Sources */,
				027BA942184C64B300B0C97A /* OscTypes.cpp in Sources */,
				027BA989184C651A00B0C97A /* macGlutfix.m in Sources */,
				027BA98A184C651A00B0C97A /* main.cpp in Sources */,
				027BA98B184C651A00B0C97A /* testApp.cpp in Sources */,
			);
			runOnlyForDeploymentPostprocessing = 0;
		};
/* End PBXSourcesBuildPhase section */

/* Begin PBXTargetDependency section */
		E4EEB9AC138B136A00A80321 /* PBXTargetDependency */ = {
			isa = PBXTargetDependency;
			name = openFrameworks;
			targetProxy = E4EEB9AB138B136A00A80321 /* PBXContainerItemProxy */;
		};
/* End PBXTargetDependency section */

/* Begin XCBuildConfiguration section */
		E4B69B4E0A3A1720003C02F2 /* Debug */ = {
			isa = XCBuildConfiguration;
			baseConfigurationReference = E4EB6923138AFD0F00A09F29 /* Project.xcconfig */;
			buildSettings = {
				ARCHS = "$(NATIVE_ARCH)";
				CONFIGURATION_BUILD_DIR = "$(SRCROOT)/bin/";
				COPY_PHASE_STRIP = NO;
				DEAD_CODE_STRIPPING = YES;
				GCC_AUTO_VECTORIZATION = YES;
				GCC_ENABLE_SSE3_EXTENSIONS = YES;
				GCC_ENABLE_SUPPLEMENTAL_SSE3_INSTRUCTIONS = YES;
				GCC_INLINES_ARE_PRIVATE_EXTERN = NO;
				GCC_OPTIMIZATION_LEVEL = 0;
				GCC_SYMBOLS_PRIVATE_EXTERN = NO;
				GCC_WARN_ABOUT_DEPRECATED_FUNCTIONS = YES;
				GCC_WARN_ABOUT_INVALID_OFFSETOF_MACRO = NO;
				GCC_WARN_ALLOW_INCOMPLETE_PROTOCOL = NO;
				GCC_WARN_UNINITIALIZED_AUTOS = NO;
				GCC_WARN_UNUSED_VALUE = NO;
				GCC_WARN_UNUSED_VARIABLE = NO;
				HEADER_SEARCH_PATHS = (
					"$(OF_CORE_HEADERS)",
					../../../addons/ofxOpenCv/libs,
					../../../addons/ofxOpenCv/libs/opencv,
					../../../addons/ofxOpenCv/libs/opencv/include,
					../../../addons/ofxOpenCv/libs/opencv/include/opencv,
					../../../addons/ofxOpenCv/libs/opencv/include/opencv2,
					../../../addons/ofxOpenCv/libs/opencv/include/opencv2/calib3d,
					../../../addons/ofxOpenCv/libs/opencv/include/opencv2/contrib,
					../../../addons/ofxOpenCv/libs/opencv/include/opencv2/core,
					../../../addons/ofxOpenCv/libs/opencv/include/opencv2/features2d,
					../../../addons/ofxOpenCv/libs/opencv/include/opencv2/flann,
					../../../addons/ofxOpenCv/libs/opencv/include/opencv2/gpu,
					../../../addons/ofxOpenCv/libs/opencv/include/opencv2/highgui,
					../../../addons/ofxOpenCv/libs/opencv/include/opencv2/imgproc,
					../../../addons/ofxOpenCv/libs/opencv/include/opencv2/legacy,
					../../../addons/ofxOpenCv/libs/opencv/include/opencv2/ml,
					../../../addons/ofxOpenCv/libs/opencv/include/opencv2/objdetect,
					../../../addons/ofxOpenCv/libs/opencv/include/opencv2/ts,
					../../../addons/ofxOpenCv/libs/opencv/include/opencv2/video,
					../../../addons/ofxOpenCv/libs/opencv/lib,
					../../../addons/ofxOpenCv/libs/opencv/lib/osx,
					../../../addons/ofxOpenCv/src,
					../../../addons/ofxOsc/libs,
					../../../addons/ofxOsc/libs/oscpack,
					../../../addons/ofxOsc/libs/oscpack/src,
					../../../addons/ofxOsc/libs/oscpack/src/ip,
					../../../addons/ofxOsc/libs/oscpack/src/ip/posix,
					../../../addons/ofxOsc/libs/oscpack/src/ip/win32,
					../../../addons/ofxOsc/libs/oscpack/src/osc,
					../../../addons/ofxOsc/src,
				);
				OTHER_CPLUSPLUSFLAGS = (
					"-D__MACOSX_CORE__",
					"-lpthread",
					"-mtune=native",
				);
				OTHER_LDFLAGS = (
					"$(OF_CORE_LIBS)",
					../../../addons/ofxOpenCv/libs/opencv/lib/osx/opencv.a,
				);
				SDKROOT = macosx;
			};
			name = Debug;
		};
		E4B69B4F0A3A1720003C02F2 /* Release */ = {
			isa = XCBuildConfiguration;
			baseConfigurationReference = E4EB6923138AFD0F00A09F29 /* Project.xcconfig */;
			buildSettings = {
				ARCHS = "$(NATIVE_ARCH)";
				CONFIGURATION_BUILD_DIR = "$(SRCROOT)/bin/";
				COPY_PHASE_STRIP = YES;
				DEAD_CODE_STRIPPING = YES;
				GCC_AUTO_VECTORIZATION = YES;
				GCC_ENABLE_SSE3_EXTENSIONS = YES;
				GCC_ENABLE_SUPPLEMENTAL_SSE3_INSTRUCTIONS = YES;
				GCC_INLINES_ARE_PRIVATE_EXTERN = NO;
				GCC_OPTIMIZATION_LEVEL = 3;
				GCC_SYMBOLS_PRIVATE_EXTERN = NO;
				GCC_UNROLL_LOOPS = YES;
				GCC_WARN_ABOUT_DEPRECATED_FUNCTIONS = YES;
				GCC_WARN_ABOUT_INVALID_OFFSETOF_MACRO = NO;
				GCC_WARN_ALLOW_INCOMPLETE_PROTOCOL = NO;
				GCC_WARN_UNINITIALIZED_AUTOS = NO;
				GCC_WARN_UNUSED_VALUE = NO;
				GCC_WARN_UNUSED_VARIABLE = NO;
				HEADER_SEARCH_PATHS = (
					"$(OF_CORE_HEADERS)",
					../../../addons/ofxOpenCv/libs,
					../../../addons/ofxOpenCv/libs/opencv,
					../../../addons/ofxOpenCv/libs/opencv/include,
					../../../addons/ofxOpenCv/libs/opencv/include/opencv,
					../../../addons/ofxOpenCv/libs/opencv/include/opencv2,
					../../../addons/ofxOpenCv/libs/opencv/include/opencv2/calib3d,
					../../../addons/ofxOpenCv/libs/opencv/include/opencv2/contrib,
					../../../addons/ofxOpenCv/libs/opencv/include/opencv2/core,
					../../../addons/ofxOpenCv/libs/opencv/include/opencv2/features2d,
					../../../addons/ofxOpenCv/libs/opencv/include/opencv2/flann,
					../../../addons/ofxOpenCv/libs/opencv/include/opencv2/gpu,
					../../../addons/ofxOpenCv/libs/opencv/include/opencv2/highgui,
					../../../addons/ofxOpenCv/libs/opencv/include/opencv2/imgproc,
					../../../addons/ofxOpenCv/libs/opencv/include/opencv2/legacy,
					../../../addons/ofxOpenCv/libs/opencv/include/opencv2/ml,
					../../../addons/ofxOpenCv/libs/opencv/include/opencv2/objdetect,
					../../../addons/ofxOpenCv/libs/opencv/include/opencv2/ts,
					../../../addons/ofxOpenCv/libs/opencv/include/opencv2/video,
					../../../addons/ofxOpenCv/libs/opencv/lib,
					../../../addons/ofxOpenCv/libs/opencv/lib/osx,
					../../../addons/ofxOpenCv/src,
					../../../addons/ofxOsc/libs,
					../../../addons/ofxOsc/libs/oscpack,
					../../../addons/ofxOsc/libs/oscpack/src,
					../../../addons/ofxOsc/libs/oscpack/src/ip,
					../../../addons/ofxOsc/libs/oscpack/src/ip/posix,
					../../../addons/ofxOsc/libs/oscpack/src/ip/win32,
					../../../addons/ofxOsc/libs/oscpack/src/osc,
					../../../addons/ofxOsc/src,
				);
				OTHER_CPLUSPLUSFLAGS = (
					"-D__MACOSX_CORE__",
					"-lpthread",
					"-mtune=native",
				);
				OTHER_LDFLAGS = (
					"$(OF_CORE_LIBS)",
					../../../addons/ofxOpenCv/libs/opencv/lib/osx/opencv.a,
				);
				SDKROOT = macosx;
			};
			name = Release;
		};
		E4B69B600A3A1757003C02F2 /* Debug */ = {
			isa = XCBuildConfiguration;
			buildSettings = {
				COPY_PHASE_STRIP = NO;
				FRAMEWORK_SEARCH_PATHS = (
					"$(inherited)",
					"$(FRAMEWORK_SEARCH_PATHS_QUOTED_FOR_TARGET_1)",
				);
				FRAMEWORK_SEARCH_PATHS_QUOTED_FOR_TARGET_1 = "\"$(SRCROOT)/../../../libs/glut/lib/osx\"";
				GCC_DYNAMIC_NO_PIC = NO;
				GCC_ENABLE_FIX_AND_CONTINUE = YES;
				GCC_GENERATE_DEBUGGING_SYMBOLS = YES;
				GCC_MODEL_TUNING = NONE;
				GCC_PRECOMPILE_PREFIX_HEADER = YES;
				GCC_PREFIX_HEADER = "$(SYSTEM_LIBRARY_DIR)/Frameworks/Carbon.framework/Headers/Carbon.h";
				INFOPLIST_FILE = "openFrameworks-Info.plist";
				INSTALL_PATH = "$(HOME)/Applications";
				LIBRARY_SEARCH_PATHS = (
					"$(inherited)",
					"$(LIBRARY_SEARCH_PATHS_QUOTED_FOR_TARGET_1)",
					"$(LIBRARY_SEARCH_PATHS_QUOTED_FOR_TARGET_2)",
					"$(LIBRARY_SEARCH_PATHS_QUOTED_FOR_TARGET_3)",
					"$(LIBRARY_SEARCH_PATHS_QUOTED_FOR_TARGET_4)",
					"$(LIBRARY_SEARCH_PATHS_QUOTED_FOR_TARGET_5)",
					"$(LIBRARY_SEARCH_PATHS_QUOTED_FOR_TARGET_6)",
					"$(LIBRARY_SEARCH_PATHS_QUOTED_FOR_TARGET_7)",
					"$(LIBRARY_SEARCH_PATHS_QUOTED_FOR_TARGET_8)",
					"$(LIBRARY_SEARCH_PATHS_QUOTED_FOR_TARGET_9)",
					"$(LIBRARY_SEARCH_PATHS_QUOTED_FOR_TARGET_10)",
					"$(LIBRARY_SEARCH_PATHS_QUOTED_FOR_TARGET_11)",
					"$(LIBRARY_SEARCH_PATHS_QUOTED_FOR_TARGET_12)",
					"$(LIBRARY_SEARCH_PATHS_QUOTED_FOR_TARGET_13)",
					"$(LIBRARY_SEARCH_PATHS_QUOTED_FOR_TARGET_14)",
					"$(LIBRARY_SEARCH_PATHS_QUOTED_FOR_TARGET_15)",
					"$(LIBRARY_SEARCH_PATHS_QUOTED_FOR_TARGET_2)",
					"$(LIBRARY_SEARCH_PATHS_QUOTED_FOR_TARGET_3)",
					"$(LIBRARY_SEARCH_PATHS_QUOTED_FOR_TARGET_7)",
					"$(LIBRARY_SEARCH_PATHS_QUOTED_FOR_TARGET_8)",
					"$(LIBRARY_SEARCH_PATHS_QUOTED_FOR_TARGET_9)",
					"$(LIBRARY_SEARCH_PATHS_QUOTED_FOR_TARGET_10)",
					"$(LIBRARY_SEARCH_PATHS_QUOTED_FOR_TARGET_11)",
					"$(LIBRARY_SEARCH_PATHS_QUOTED_FOR_TARGET_12)",
					"$(LIBRARY_SEARCH_PATHS_QUOTED_FOR_TARGET_13)",
					"$(LIBRARY_SEARCH_PATHS_QUOTED_FOR_TARGET_16)",
					"$(LIBRARY_SEARCH_PATHS_QUOTED_FOR_TARGET_17)",
					"$(LIBRARY_SEARCH_PATHS_QUOTED_FOR_TARGET_18)",
					"$(LIBRARY_SEARCH_PATHS_QUOTED_FOR_TARGET_19)",
					"$(LIBRARY_SEARCH_PATHS_QUOTED_FOR_TARGET_20)",
					"$(LIBRARY_SEARCH_PATHS_QUOTED_FOR_TARGET_21)",
					"$(LIBRARY_SEARCH_PATHS_QUOTED_FOR_TARGET_22)",
					"$(LIBRARY_SEARCH_PATHS_QUOTED_FOR_TARGET_23)",
					"$(LIBRARY_SEARCH_PATHS_QUOTED_FOR_TARGET_24)",
					"$(LIBRARY_SEARCH_PATHS_QUOTED_FOR_TARGET_25)",
					"$(LIBRARY_SEARCH_PATHS_QUOTED_FOR_TARGET_26)",
					"$(LIBRARY_SEARCH_PATHS_QUOTED_FOR_TARGET_27)",
					"$(LIBRARY_SEARCH_PATHS_QUOTED_FOR_TARGET_28)",
					"$(LIBRARY_SEARCH_PATHS_QUOTED_FOR_TARGET_29)",
					"$(LIBRARY_SEARCH_PATHS_QUOTED_FOR_TARGET_30)",
					"$(LIBRARY_SEARCH_PATHS_QUOTED_FOR_TARGET_31)",
					"$(LIBRARY_SEARCH_PATHS_QUOTED_FOR_TARGET_32)",
					"$(LIBRARY_SEARCH_PATHS_QUOTED_FOR_TARGET_33)",
					"$(LIBRARY_SEARCH_PATHS_QUOTED_FOR_TARGET_34)",
					"$(LIBRARY_SEARCH_PATHS_QUOTED_FOR_TARGET_35)",
					"$(LIBRARY_SEARCH_PATHS_QUOTED_FOR_TARGET_36)",
					"$(LIBRARY_SEARCH_PATHS_QUOTED_FOR_TARGET_37)",
					"$(LIBRARY_SEARCH_PATHS_QUOTED_FOR_TARGET_38)",
					"$(LIBRARY_SEARCH_PATHS_QUOTED_FOR_TARGET_39)",
					"$(LIBRARY_SEARCH_PATHS_QUOTED_FOR_TARGET_40)",
					"$(LIBRARY_SEARCH_PATHS_QUOTED_FOR_TARGET_41)",
					"$(LIBRARY_SEARCH_PATHS_QUOTED_FOR_TARGET_42)",
					"$(LIBRARY_SEARCH_PATHS_QUOTED_FOR_TARGET_43)",
					"$(LIBRARY_SEARCH_PATHS_QUOTED_FOR_TARGET_44)",
					"$(LIBRARY_SEARCH_PATHS_QUOTED_FOR_TARGET_45)",
					"$(LIBRARY_SEARCH_PATHS_QUOTED_FOR_TARGET_46)",
					"$(LIBRARY_SEARCH_PATHS_QUOTED_FOR_TARGET_47)",
					"$(LIBRARY_SEARCH_PATHS_QUOTED_FOR_TARGET_48)",
					"$(LIBRARY_SEARCH_PATHS_QUOTED_FOR_TARGET_49)",
					"$(LIBRARY_SEARCH_PATHS_QUOTED_FOR_TARGET_50)",
					"$(LIBRARY_SEARCH_PATHS_QUOTED_FOR_TARGET_51)",
					"$(LIBRARY_SEARCH_PATHS_QUOTED_FOR_TARGET_52)",
				);
				PREBINDING = NO;
				PRODUCT_NAME = "$(TARGET_NAME)Debug";
				WRAPPER_EXTENSION = app;
			};
			name = Debug;
		};
		E4B69B610A3A1757003C02F2 /* Release */ = {
			isa = XCBuildConfiguration;
			buildSettings = {
				COPY_PHASE_STRIP = YES;
				FRAMEWORK_SEARCH_PATHS = (
					"$(inherited)",
					"$(FRAMEWORK_SEARCH_PATHS_QUOTED_FOR_TARGET_1)",
				);
				FRAMEWORK_SEARCH_PATHS_QUOTED_FOR_TARGET_1 = "\"$(SRCROOT)/../../../libs/glut/lib/osx\"";
				GCC_ENABLE_FIX_AND_CONTINUE = NO;
				GCC_GENERATE_DEBUGGING_SYMBOLS = YES;
				GCC_MODEL_TUNING = NONE;
				GCC_PRECOMPILE_PREFIX_HEADER = YES;
				GCC_PREFIX_HEADER = "$(SYSTEM_LIBRARY_DIR)/Frameworks/Carbon.framework/Headers/Carbon.h";
				INFOPLIST_FILE = "openFrameworks-Info.plist";
				INSTALL_PATH = "$(HOME)/Applications";
				LIBRARY_SEARCH_PATHS = (
					"$(inherited)",
					"$(LIBRARY_SEARCH_PATHS_QUOTED_FOR_TARGET_1)",
					"$(LIBRARY_SEARCH_PATHS_QUOTED_FOR_TARGET_2)",
					"$(LIBRARY_SEARCH_PATHS_QUOTED_FOR_TARGET_3)",
					"$(LIBRARY_SEARCH_PATHS_QUOTED_FOR_TARGET_4)",
					"$(LIBRARY_SEARCH_PATHS_QUOTED_FOR_TARGET_5)",
					"$(LIBRARY_SEARCH_PATHS_QUOTED_FOR_TARGET_6)",
					"$(LIBRARY_SEARCH_PATHS_QUOTED_FOR_TARGET_7)",
					"$(LIBRARY_SEARCH_PATHS_QUOTED_FOR_TARGET_8)",
					"$(LIBRARY_SEARCH_PATHS_QUOTED_FOR_TARGET_9)",
					"$(LIBRARY_SEARCH_PATHS_QUOTED_FOR_TARGET_10)",
					"$(LIBRARY_SEARCH_PATHS_QUOTED_FOR_TARGET_11)",
					"$(LIBRARY_SEARCH_PATHS_QUOTED_FOR_TARGET_12)",
					"$(LIBRARY_SEARCH_PATHS_QUOTED_FOR_TARGET_13)",
					"$(LIBRARY_SEARCH_PATHS_QUOTED_FOR_TARGET_14)",
					"$(LIBRARY_SEARCH_PATHS_QUOTED_FOR_TARGET_15)",
					"$(LIBRARY_SEARCH_PATHS_QUOTED_FOR_TARGET_2)",
					"$(LIBRARY_SEARCH_PATHS_QUOTED_1)",
					"$(LIBRARY_SEARCH_PATHS_QUOTED_FOR_TARGET_3)",
					"$(LIBRARY_SEARCH_PATHS_QUOTED_FOR_TARGET_7)",
					"$(LIBRARY_SEARCH_PATHS_QUOTED_FOR_TARGET_8)",
					"$(LIBRARY_SEARCH_PATHS_QUOTED_FOR_TARGET_9)",
					"$(LIBRARY_SEARCH_PATHS_QUOTED_FOR_TARGET_10)",
					"$(LIBRARY_SEARCH_PATHS_QUOTED_FOR_TARGET_11)",
					"$(LIBRARY_SEARCH_PATHS_QUOTED_FOR_TARGET_12)",
					"$(LIBRARY_SEARCH_PATHS_QUOTED_FOR_TARGET_13)",
					"$(LIBRARY_SEARCH_PATHS_QUOTED_FOR_TARGET_16)",
					"$(LIBRARY_SEARCH_PATHS_QUOTED_FOR_TARGET_17)",
					"$(LIBRARY_SEARCH_PATHS_QUOTED_FOR_TARGET_18)",
					"$(LIBRARY_SEARCH_PATHS_QUOTED_FOR_TARGET_19)",
					"$(LIBRARY_SEARCH_PATHS_QUOTED_FOR_TARGET_20)",
					"$(LIBRARY_SEARCH_PATHS_QUOTED_FOR_TARGET_21)",
					"$(LIBRARY_SEARCH_PATHS_QUOTED_FOR_TARGET_22)",
					"$(LIBRARY_SEARCH_PATHS_QUOTED_FOR_TARGET_23)",
					"$(LIBRARY_SEARCH_PATHS_QUOTED_FOR_TARGET_24)",
					"$(LIBRARY_SEARCH_PATHS_QUOTED_FOR_TARGET_25)",
					"$(LIBRARY_SEARCH_PATHS_QUOTED_FOR_TARGET_26)",
					"$(LIBRARY_SEARCH_PATHS_QUOTED_FOR_TARGET_27)",
					"$(LIBRARY_SEARCH_PATHS_QUOTED_FOR_TARGET_28)",
					"$(LIBRARY_SEARCH_PATHS_QUOTED_FOR_TARGET_29)",
					"$(LIBRARY_SEARCH_PATHS_QUOTED_FOR_TARGET_30)",
					"$(LIBRARY_SEARCH_PATHS_QUOTED_FOR_TARGET_31)",
					"$(LIBRARY_SEARCH_PATHS_QUOTED_FOR_TARGET_32)",
					"$(LIBRARY_SEARCH_PATHS_QUOTED_FOR_TARGET_33)",
					"$(LIBRARY_SEARCH_PATHS_QUOTED_FOR_TARGET_34)",
					"$(LIBRARY_SEARCH_PATHS_QUOTED_FOR_TARGET_35)",
					"$(LIBRARY_SEARCH_PATHS_QUOTED_FOR_TARGET_36)",
					"$(LIBRARY_SEARCH_PATHS_QUOTED_FOR_TARGET_37)",
					"$(LIBRARY_SEARCH_PATHS_QUOTED_FOR_TARGET_38)",
					"$(LIBRARY_SEARCH_PATHS_QUOTED_FOR_TARGET_39)",
					"$(LIBRARY_SEARCH_PATHS_QUOTED_FOR_TARGET_40)",
					"$(LIBRARY_SEARCH_PATHS_QUOTED_FOR_TARGET_41)",
					"$(LIBRARY_SEARCH_PATHS_QUOTED_FOR_TARGET_42)",
					"$(LIBRARY_SEARCH_PATHS_QUOTED_FOR_TARGET_43)",
					"$(LIBRARY_SEARCH_PATHS_QUOTED_FOR_TARGET_44)",
					"$(LIBRARY_SEARCH_PATHS_QUOTED_FOR_TARGET_45)",
					"$(LIBRARY_SEARCH_PATHS_QUOTED_FOR_TARGET_46)",
					"$(LIBRARY_SEARCH_PATHS_QUOTED_FOR_TARGET_47)",
					"$(LIBRARY_SEARCH_PATHS_QUOTED_FOR_TARGET_48)",
					"$(LIBRARY_SEARCH_PATHS_QUOTED_FOR_TARGET_49)",
					"$(LIBRARY_SEARCH_PATHS_QUOTED_FOR_TARGET_50)",
					"$(LIBRARY_SEARCH_PATHS_QUOTED_FOR_TARGET_51)",
				);
				PREBINDING = NO;
				PRODUCT_NAME = "$(TARGET_NAME)";
				WRAPPER_EXTENSION = app;
			};
			name = Release;
		};
/* End XCBuildConfiguration section */

/* Begin XCConfigurationList section */
		E4B69B4D0A3A1720003C02F2 /* Build configuration list for PBXProject "liveVisualsComputerVision" */ = {
			isa = XCConfigurationList;
			buildConfigurations = (
				E4B69B4E0A3A1720003C02F2 /* Debug */,
				E4B69B4F0A3A1720003C02F2 /* Release */,
			);
			defaultConfigurationIsVisible = 0;
			defaultConfigurationName = Release;
		};
		E4B69B5F0A3A1757003C02F2 /* Build configuration list for PBXNativeTarget "liveVisualsComputerVision" */ = {
			isa = XCConfigurationList;
			buildConfigurations = (
				E4B69B600A3A1757003C02F2 /* Debug */,
				E4B69B610A3A1757003C02F2 /* Release */,
			);
			defaultConfigurationIsVisible = 0;
			defaultConfigurationName = Release;
		};
/* End XCConfigurationList section */
	};
	rootObject = E4B69B4C0A3A1720003C02F2 /* Project object */;
}
